
Microsoft Visual Studio Solution File, Format Version 12.00
# Visual Studio 2013
VisualStudioVersion = 12.0.40629.0
MinimumVisualStudioVersion = 10.0.40219.1
Project("{FAE04EC0-301F-11D3-BF4B-00C04F79EFBC}") = "GerenciadorWeb", "GerenciadorWeb\GerenciadorWeb.csproj", "{FCA5D439-8E57-43E4-ADBA-39D02CDEBFE1}"
EndProject
Project("{FAE04EC0-301F-11D3-BF4B-00C04F79EFBC}") = "Modelo", "Modelo\Modelo.csproj", "{28322458-2A6C-4F04-9038-849C385020AC}"
EndProject
Project("{FAE04EC0-301F-11D3-BF4B-00C04F79EFBC}") = "BLL", "BLL\BLL.csproj", "{FBEF4849-3C35-4094-82EA-586CC65E2A7B}"
EndProject
Project("{FAE04EC0-301F-11D3-BF4B-00C04F79EFBC}") = "DAL", "DAL\DAL.csproj", "{1274C8D5-0F47-4E69-9633-49395EFDBC92}"
EndProject
Project("{FAE04EC0-301F-11D3-BF4B-00C04F79EFBC}") = "ServicoGerenciadorBloqueioEstacoes", "ServicoGerenciadorBloqueioEstacoes\ServicoGerenciadorBloqueioEstacoes.csproj", "{AD603E59-C340-4050-A22A-9BC4C79B5CC6}"
EndProject
Project("{FAE04EC0-301F-11D3-BF4B-00C04F79EFBC}") = "encrypt", "encrypt\encrypt.csproj", "{6400EF46-B7E6-4802-9EC9-9A8EC0772252}"
EndProject
Project("{54435603-DBB4-11D2-8724-00A0C9A8B90C}") = "InstaladorServicoGerenciadorBloqueioEstacoes", "InstaladorServicoGerenciadorBloqueioEstacoes\InstaladorServicoGerenciadorBloqueioEstacoes.vdproj", "{600C5BBC-725A-4836-8AAA-DC825D6B59A9}"
EndProject
Global
	GlobalSection(TeamFoundationVersionControl) = preSolution
		SccNumberOfProjects = 8
		SccEnterpriseProvider = {4CA58AB2-18FA-4F8D-95D4-32DDF27D184C}
		SccTeamFoundationServer = http://empvw02150:8080/tfs/defaultcollection
		SccLocalPath0 = .
		SccProjectUniqueName1 = BLL\\BLL.csproj
		SccProjectName1 = BLL
		SccLocalPath1 = BLL
		SccProjectUniqueName2 = DAL\\DAL.csproj
		SccProjectName2 = DAL
		SccLocalPath2 = DAL
		SccProjectUniqueName3 = GerenciadorWeb\\GerenciadorWeb.csproj
		SccProjectName3 = GerenciadorWeb
		SccLocalPath3 = GerenciadorWeb
		SccProjectUniqueName4 = Modelo\\Modelo.csproj
		SccProjectName4 = Modelo
		SccLocalPath4 = Modelo
		SccProjectUniqueName5 = ServicoGerenciadorBloqueioEstacoes\\ServicoGerenciadorBloqueioEstacoes.csproj
		SccProjectName5 = ServicoGerenciadorBloqueioEstacoes
		SccLocalPath5 = ServicoGerenciadorBloqueioEstacoes
		SccProjectUniqueName6 = encrypt\\encrypt.csproj
		SccProjectName6 = encrypt
		SccLocalPath6 = encrypt
		SccProjectUniqueName7 = InstaladorServicoGerenciadorBloqueioEstacoes\\InstaladorServicoGerenciadorBloqueioEstacoes.vdproj
		SccProjectName7 = InstaladorServicoGerenciadorBloqueioEstacoes
		SccLocalPath7 = InstaladorServicoGerenciadorBloqueioEstacoes
	EndGlobalSection
	GlobalSection(SolutionConfigurationPlatforms) = preSolution
		Debug|Any CPU = Debug|Any CPU
		Release|Any CPU = Release|Any CPU
	EndGlobalSection
	GlobalSection(ProjectConfigurationPlatforms) = postSolution
		{FCA5D439-8E57-43E4-ADBA-39D02CDEBFE1}.Debug|Any CPU.ActiveCfg = Debug|Any CPU
		{FCA5D439-8E57-43E4-ADBA-39D02CDEBFE1}.Debug|Any CPU.Build.0 = Debug|Any CPU
		{FCA5D439-8E57-43E4-ADBA-39D02CDEBFE1}.Release|Any CPU.ActiveCfg = Release|Any CPU
		{FCA5D439-8E57-43E4-ADBA-39D02CDEBFE1}.Release|Any CPU.Build.0 = Release|Any CPU
		{28322458-2A6C-4F04-9038-849C385020AC}.Debug|Any CPU.ActiveCfg = Debug|Any CPU
		{28322458-2A6C-4F04-9038-849C385020AC}.Debug|Any CPU.Build.0 = Debug|Any CPU
		{28322458-2A6C-4F04-9038-849C385020AC}.Release|Any CPU.ActiveCfg = Release|Any CPU
		{28322458-2A6C-4F04-9038-849C385020AC}.Release|Any CPU.Build.0 = Release|Any CPU
		{FBEF4849-3C35-4094-82EA-586CC65E2A7B}.Debug|Any CPU.ActiveCfg = Debug|Any CPU
		{FBEF4849-3C35-4094-82EA-586CC65E2A7B}.Debug|Any CPU.Build.0 = Debug|Any CPU
		{FBEF4849-3C35-4094-82EA-586CC65E2A7B}.Release|Any CPU.ActiveCfg = Release|Any CPU
		{FBEF4849-3C35-4094-82EA-586CC65E2A7B}.Release|Any CPU.Build.0 = Release|Any CPU
		{1274C8D5-0F47-4E69-9633-49395EFDBC92}.Debug|Any CPU.ActiveCfg = Debug|Any CPU
		{1274C8D5-0F47-4E69-9633-49395EFDBC92}.Debug|Any CPU.Build.0 = Debug|Any CPU
		{1274C8D5-0F47-4E69-9633-49395EFDBC92}.Release|Any CPU.ActiveCfg = Release|Any CPU
		{1274C8D5-0F47-4E69-9633-49395EFDBC92}.Release|Any CPU.Build.0 = Release|Any CPU
		{AD603E59-C340-4050-A22A-9BC4C79B5CC6}.Debug|Any CPU.ActiveCfg = Debug|Any CPU
		{AD603E59-C340-4050-A22A-9BC4C79B5CC6}.Debug|Any CPU.Build.0 = Debug|Any CPU
		{AD603E59-C340-4050-A22A-9BC4C79B5CC6}.Release|Any CPU.ActiveCfg = Release|Any CPU
		{AD603E59-C340-4050-A22A-9BC4C79B5CC6}.Release|Any CPU.Build.0 = Release|Any CPU
		{6400EF46-B7E6-4802-9EC9-9A8EC0772252}.Debug|Any CPU.ActiveCfg = Debug|Any CPU
		{6400EF46-B7E6-4802-9EC9-9A8EC0772252}.Debug|Any CPU.Build.0 = Debug|Any CPU
		{6400EF46-B7E6-4802-9EC9-9A8EC0772252}.Release|Any CPU.ActiveCfg = Release|Any CPU
		{6400EF46-B7E6-4802-9EC9-9A8EC0772252}.Release|Any CPU.Build.0 = Release|Any CPU
		{600C5BBC-725A-4836-8AAA-DC825D6B59A9}.Debug|Any CPU.ActiveCfg = Debug
		{600C5BBC-725A-4836-8AAA-DC825D6B59A9}.Release|Any CPU.ActiveCfg = Release
	EndGlobalSection
	GlobalSection(SolutionProperties) = preSolution
		HideSolutionNode = FALSE
	EndGlobalSection
EndGlobal
