
Microsoft Visual Studio Solution File, Format Version 12.00
# Visual Studio 15
VisualStudioVersion = 15.0.28307.645
MinimumVisualStudioVersion = 10.0.40219.1
Project("{2150E333-8FDC-42A3-9474-1A3956D46DE8}") = "Solution Items", "Solution Items", "{0008117E-A0AC-4C66-814E-67A2189667EF}"
	ProjectSection(SolutionItems) = preProject
		cwkPontoMT.vsmdi = cwkPontoMT.vsmdi
		LocalTestRun.testrunconfig = LocalTestRun.testrunconfig
	EndProjectSection
EndProject
Project("{2150E333-8FDC-42A3-9474-1A3956D46DE8}") = "CorrigeBase", "CorrigeBase", "{E6C316A3-F094-44D3-B938-5ADA3678AA9F}"
EndProject
Project("{2150E333-8FDC-42A3-9474-1A3956D46DE8}") = "Instalacao", "Instalacao", "{89B9106A-0AA6-43B9-B3D5-43FE95E98282}"
EndProject
Project("{2150E333-8FDC-42A3-9474-1A3956D46DE8}") = "Conversores SQL", "Conversores SQL", "{5E7C1519-1C5E-4A2B-A86A-2C4839D76DD4}"
EndProject
Project("{2150E333-8FDC-42A3-9474-1A3956D46DE8}") = "Cwork.cwkPontoMT.Integracao", "Cwork.cwkPontoMT.Integracao", "{3BB5079C-A056-4CE1-B94B-385588EB7891}"
EndProject
Project("{FAE04EC0-301F-11D3-BF4B-00C04F79EFBC}") = "Modelo", "Modelo\Modelo.csproj", "{DFE5A7E8-8798-43D3-A61F-F1DD3AB38593}"
EndProject
Project("{FAE04EC0-301F-11D3-BF4B-00C04F79EFBC}") = "DAL", "DAL\DAL.csproj", "{9E79E822-8FBD-49AE-8ED1-49DB4408EC47}"
EndProject
Project("{FAE04EC0-301F-11D3-BF4B-00C04F79EFBC}") = "UI", "UI\UI.csproj", "{3FDF5FDE-0B9D-4ACE-A0BD-5B78C07F1B26}"
	ProjectSection(ProjectDependencies) = postProject
		{897EAB2F-9593-4BDD-B945-113C13A71187} = {897EAB2F-9593-4BDD-B945-113C13A71187}
	EndProjectSection
EndProject
Project("{FAE04EC0-301F-11D3-BF4B-00C04F79EFBC}") = "Teste", "Teste\Teste.csproj", "{A673C60F-9376-407B-9971-04EBA3C139D9}"
EndProject
Project("{FAE04EC0-301F-11D3-BF4B-00C04F79EFBC}") = "REL", "REL\REL.csproj", "{C0239A00-EEF2-497A-A643-9260E0196E8D}"
EndProject
Project("{FAE04EC0-301F-11D3-BF4B-00C04F79EFBC}") = "InstalacaoSQL", "InstalacaoSQL\InstalacaoSQL.csproj", "{58C16851-4999-493C-A135-F24911BB830D}"
EndProject
Project("{FAE04EC0-301F-11D3-BF4B-00C04F79EFBC}") = "ImportacaoSQL", "ImportacaoSQL\ImportacaoSQL.csproj", "{51FB92A1-F1F8-4F3A-92B0-FCDEE7EBA946}"
EndProject
Project("{FAE04EC0-301F-11D3-BF4B-00C04F79EFBC}") = "Conversor28R80para28R83", "Conversor28R80para28R81\Conversor28R80para28R83.csproj", "{699F1281-2F9F-4143-8D2E-07C712B7695C}"
EndProject
Project("{FAE04EC0-301F-11D3-BF4B-00C04F79EFBC}") = "cwkPontoMT.Integracao", "cwkPontoMT.Integracao\cwkPontoMT.Integracao.csproj", "{498061B5-3229-411B-A807-A2FC98410927}"
EndProject
Project("{FAE04EC0-301F-11D3-BF4B-00C04F79EFBC}") = "cwkPontoMT.Integracao.Teste", "cwkPontoMT.Integracao.Teste\cwkPontoMT.Integracao.Teste.csproj", "{2D929F25-EBC3-4340-8F75-23C5A5C9AA81}"
EndProject
Project("{FAE04EC0-301F-11D3-BF4B-00C04F79EFBC}") = "Conversor200028para201029", "Conversor200028para201029\Conversor200028para201029.csproj", "{4FC505C1-ED57-46CC-BD65-8294802A48B9}"
EndProject
Project("{FAE04EC0-301F-11D3-BF4B-00C04F79EFBC}") = "ConversorSQL", "ConversorSQL\ConversorSQL.csproj", "{897EAB2F-9593-4BDD-B945-113C13A71187}"
	ProjectSection(ProjectDependencies) = postProject
		{F691AE56-263F-4F5A-87B9-D4A4A43930AB} = {F691AE56-263F-4F5A-87B9-D4A4A43930AB}
	EndProjectSection
EndProject
Project("{FAE04EC0-301F-11D3-BF4B-00C04F79EFBC}") = "CorrigeEmpresaCopiaIlegal", "CorrigeEmpresaCopiaIlegal\CorrigeEmpresaCopiaIlegal.csproj", "{697D1A57-23AB-43ED-BF99-FEF1CF480739}"
EndProject
Project("{FAE04EC0-301F-11D3-BF4B-00C04F79EFBC}") = "PontoWeb", "PontoWeb\PontoWeb.csproj", "{BD521475-1920-4DBA-827B-0A6324E19937}"
EndProject
Project("{FAE04EC0-301F-11D3-BF4B-00C04F79EFBC}") = "BLL", "BLL\BLL.csproj", "{4AA014FD-60E6-471D-90B7-3F72C6756E83}"
EndProject
Project("{FAE04EC0-301F-11D3-BF4B-00C04F79EFBC}") = "cwkComunicadorWebAPIPontoWeb", "cwkComunicadorWebAPIPontoWeb\cwkComunicadorWebAPIPontoWeb.csproj", "{FB4D241D-D12F-421B-926E-DD182C966258}"
EndProject
Project("{FAE04EC0-301F-11D3-BF4B-00C04F79EFBC}") = "cwkAtualizadorArquivosComunicadorWebAPIPontoWeb", "cwkAtualizadorArquivosComunicadorWebAPIPontoWeb\cwkAtualizadorArquivosComunicadorWebAPIPontoWeb.csproj", "{32FC01CB-B0C9-4861-A66E-3333FAF889C7}"
EndProject
Project("{FAE04EC0-301F-11D3-BF4B-00C04F79EFBC}") = "ConversorMultBanco", "ConversorMultBanco\ConversorMultBanco.csproj", "{F691AE56-263F-4F5A-87B9-D4A4A43930AB}"
EndProject
Project("{FAE04EC0-301F-11D3-BF4B-00C04F79EFBC}") = "TesteProgramacao", "TesteProgramacao\TesteProgramacao.csproj", "{05C2A7E9-ABBD-4CB8-9446-6C6A814E3B5F}"
EndProject
Project("{2150E333-8FDC-42A3-9474-1A3956D46DE8}") = "Dependencias", "Dependencias", "{F5ED0440-58D1-4B0E-A76D-A4235C6061F3}"
	ProjectSection(SolutionItems) = preProject
		Dependencias\AForge.Controls.dll = Dependencias\AForge.Controls.dll
		Dependencias\AForge.Imaging.dll = Dependencias\AForge.Imaging.dll
		Dependencias\AForge.Imaging.Formats.dll = Dependencias\AForge.Imaging.Formats.dll
		Dependencias\AForge.Video.DirectShow.dll = Dependencias\AForge.Video.DirectShow.dll
		Dependencias\AForge.Video.dll = Dependencias\AForge.Video.dll
		Dependencias\CKREPII.dll = Dependencias\CKREPII.dll
		Dependencias\Componentes.dll = Dependencias\Componentes.dll
		Dependencias\cwkControleUsuario.dll = Dependencias\cwkControleUsuario.dll
		Dependencias\cwkhexacomm.dll = Dependencias\cwkhexacomm.dll
		Dependencias\Cwork.Utilitarios.Componentes.dll = Dependencias\Cwork.Utilitarios.Componentes.dll
		Dependencias\DevExpress.Data.v8.1.dll = Dependencias\DevExpress.Data.v8.1.dll
		Dependencias\DevExpress.Utils.v8.1.dll = Dependencias\DevExpress.Utils.v8.1.dll
		Dependencias\DevExpress.XtraEditors.v8.1.dll = Dependencias\DevExpress.XtraEditors.v8.1.dll
		Dependencias\DevExpress.XtraGrid.v8.1.dll = Dependencias\DevExpress.XtraGrid.v8.1.dll
		Dependencias\DevExpress.XtraLayout.v8.1.dll = Dependencias\DevExpress.XtraLayout.v8.1.dll
		Dependencias\dllrep.dll = Dependencias\dllrep.dll
		Dependencias\EasyInner.dll = Dependencias\EasyInner.dll
		Dependencias\EPPlus.dll = Dependencias\EPPlus.dll
		Dependencias\FileHelpers.dll = Dependencias\FileHelpers.dll
		Dependencias\FirebirdSql.Data.FirebirdClient.dll = Dependencias\FirebirdSql.Data.FirebirdClient.dll
		Dependencias\Framework.Comunicacao.dll = Dependencias\Framework.Comunicacao.dll
		Dependencias\Framework.Core.dll = Dependencias\Framework.Core.dll
		Dependencias\GerarExcel.dll = Dependencias\GerarExcel.dll
		Dependencias\GerenciadorRep.Bi.Dominio.dll = Dependencias\GerenciadorRep.Bi.Dominio.dll
		Dependencias\GerenciadorRep.Bi.Entidade.dll = Dependencias\GerenciadorRep.Bi.Entidade.dll
		Dependencias\GerenciadorRep.Da.dll = Dependencias\GerenciadorRep.Da.dll
		Dependencias\GerenciadorRep.Ferramentas.dll = Dependencias\GerenciadorRep.Ferramentas.dll
		Dependencias\ICSharpCode.SharpZipLib.dll = Dependencias\ICSharpCode.SharpZipLib.dll
		Dependencias\IDSysR30.dll = Dependencias\IDSysR30.dll
		Dependencias\ikvm-native-win32-x86.dll = Dependencias\ikvm-native-win32-x86.dll
		Dependencias\IKVM.OpenJDK.Charsets.dll = Dependencias\IKVM.OpenJDK.Charsets.dll
		Dependencias\IKVM.OpenJDK.Core.dll = Dependencias\IKVM.OpenJDK.Core.dll
		Dependencias\IKVM.OpenJDK.Security.dll = Dependencias\IKVM.OpenJDK.Security.dll
		Dependencias\IKVM.OpenJDK.Text.dll = Dependencias\IKVM.OpenJDK.Text.dll
		Dependencias\IKVM.OpenJDK.Tools.dll = Dependencias\IKVM.OpenJDK.Tools.dll
		Dependencias\IKVM.OpenJDK.Util.dll = Dependencias\IKVM.OpenJDK.Util.dll
		Dependencias\IKVM.OpenJDK.XML.Crypto.dll = Dependencias\IKVM.OpenJDK.XML.Crypto.dll
		Dependencias\IKVM.Runtime.dll = Dependencias\IKVM.Runtime.dll
		Dependencias\Inner2K.dll = Dependencias\Inner2K.dll
		Dependencias\InnerPendrive.dll = Dependencias\InnerPendrive.dll
		Dependencias\InnerTCP.DLL = Dependencias\InnerTCP.DLL
		Dependencias\InnerTCP2.dll = Dependencias\InnerTCP2.dll
		Dependencias\InnerTCPLib.dll = Dependencias\InnerTCPLib.dll
		Dependencias\Interop.CobreBemX.dll = Dependencias\Interop.CobreBemX.dll
		Dependencias\Interop.JRO.dll = Dependencias\Interop.JRO.dll
		Dependencias\Interop.Kernel7x.dll = Dependencias\Interop.Kernel7x.dll
		Dependencias\Interop.NBioBSPCOMLib.dll = Dependencias\Interop.NBioBSPCOMLib.dll
		Dependencias\Interop.TemplateGerInner5.dll = Dependencias\Interop.TemplateGerInner5.dll
		Dependencias\Interop.zkemkeeper.DLL = Dependencias\Interop.zkemkeeper.DLL
		Dependencias\Ionic.Zip.dll = Dependencias\Ionic.Zip.dll
		Dependencias\Kernel7x.dll = Dependencias\Kernel7x.dll
		Dependencias\LicenceLibrary.dll = Dependencias\LicenceLibrary.dll
		Dependencias\Microsoft.Practices.EnterpriseLibrary.Common.dll = Dependencias\Microsoft.Practices.EnterpriseLibrary.Common.dll
		Dependencias\Microsoft.Practices.EnterpriseLibrary.ExceptionHandling.dll = Dependencias\Microsoft.Practices.EnterpriseLibrary.ExceptionHandling.dll
		Dependencias\Microsoft.Practices.ObjectBuilder.dll = Dependencias\Microsoft.Practices.ObjectBuilder.dll
		Dependencias\Microsoft.ReportViewer.DataVisualization.dll = Dependencias\Microsoft.ReportViewer.DataVisualization.dll
		Dependencias\MSCOMM32.OCX = Dependencias\MSCOMM32.OCX
		Dependencias\msvbvm60.dll = Dependencias\msvbvm60.dll
		Dependencias\MSWINSCK.OCX = Dependencias\MSWINSCK.OCX
		Dependencias\NBioBSP.dll = Dependencias\NBioBSP.dll
		Dependencias\NBioBSPCOM.dll = Dependencias\NBioBSPCOM.dll
		Dependencias\NImgConv.dll = Dependencias\NImgConv.dll
		Dependencias\NITGEN.SDK.NBioBSP.dll = Dependencias\NITGEN.SDK.NBioBSP.dll
		Dependencias\PonteAzul.Integration.dll = Dependencias\PonteAzul.Integration.dll
		Dependencias\PopupControl.dll = Dependencias\PopupControl.dll
		Dependencias\PopupControl.xml = Dependencias\PopupControl.xml
		Dependencias\RepCid.dll = Dependencias\RepCid.dll
		Dependencias\RepTrilobit.dll = Dependencias\RepTrilobit.dll
		Dependencias\SDK_Inner_Rep.dll = Dependencias\SDK_Inner_Rep.dll
		Dependencias\SNDA.dll = Dependencias\SNDA.dll
		Dependencias\SNEntity.dll = Dependencias\SNEntity.dll
		Dependencias\SpreadsheetGear.dll = Dependencias\SpreadsheetGear.dll
		Dependencias\TemplateReader.dll = Dependencias\TemplateReader.dll
		Dependencias\UCBioBSP.dll = Dependencias\UCBioBSP.dll
		Dependencias\UCBioBSPSkin_Portuguese.dll = Dependencias\UCBioBSPSkin_Portuguese.dll
		Dependencias\UCDevice.dll = Dependencias\UCDevice.dll
		Dependencias\Veridis.Biometric.dll = Dependencias\Veridis.Biometric.dll
		Dependencias\WatchComm.dll = Dependencias\WatchComm.dll
	EndProjectSection
EndProject
Project("{FAE04EC0-301F-11D3-BF4B-00C04F79EFBC}") = "CentralCliente", "CentralCliente\CentralCliente.csproj", "{737D66C4-B80E-4D10-93CF-E43C74A71E07}"
EndProject
Project("{FAE04EC0-301F-11D3-BF4B-00C04F79EFBC}") = "BLL_N", "BLL_N\BLL_N.csproj", "{3C745E92-BDA8-4779-A844-953EC36BDA7D}"
EndProject
Project("{FAE04EC0-301F-11D3-BF4B-00C04F79EFBC}") = "RegistradorBiometrico", "RegistradorBiometrico\RegistradorBiometrico.csproj", "{7CAF538F-8A64-4023-8C72-1EF1C3764C23}"
EndProject
Project("{FAE04EC0-301F-11D3-BF4B-00C04F79EFBC}") = "cwkWebAPIPontoWeb", "cwkWebAPIPontoWeb\cwkWebAPIPontoWeb.csproj", "{074A99D1-E914-46BC-8CDD-053A859EC644}"
EndProject
Project("{2150E333-8FDC-42A3-9474-1A3956D46DE8}") = "ServicoComunicador", "ServicoComunicador", "{521C3230-11C2-425A-92DF-805EE86EFD8F}"
EndProject
Project("{FAE04EC0-301F-11D3-BF4B-00C04F79EFBC}") = "ComunicadorServico", "ComunicadorServico\ComunicadorServico.csproj", "{F998A351-F518-42FE-B785-4CF6B4D4EEC7}"
EndProject
Project("{FAE04EC0-301F-11D3-BF4B-00C04F79EFBC}") = "ModeloAux", "ModeloAux\ModeloAux.csproj", "{106AC139-4C19-4A8C-857B-91CDDDC2CD31}"
EndProject
Project("{FAE04EC0-301F-11D3-BF4B-00C04F79EFBC}") = "Negocio", "Negocio\Negocio.csproj", "{2349E863-A386-4C8D-9504-835E5A3D1156}"
EndProject
Project("{FAE04EC0-301F-11D3-BF4B-00C04F79EFBC}") = "ParametrizarComunicadorServico", "ParametrizarComunicadorServico\ParametrizarComunicadorServico.csproj", "{4CC34E41-87CC-4A93-9F28-D97DADC13F9A}"
EndProject
Project("{54435603-DBB4-11D2-8724-00A0C9A8B90C}") = "IntaladorServicoComunicador", "IntaladorServicoComunicador\IntaladorServicoComunicador.vdproj", "{D9F6562A-C53E-4658-892C-E6E608D8453D}"
EndProject
Project("{2150E333-8FDC-42A3-9474-1A3956D46DE8}") = "Legado", "Legado", "{A20B6EAB-D758-46AC-A20D-26DB14F8FDA2}"
EndProject
Project("{FAE04EC0-301F-11D3-BF4B-00C04F79EFBC}") = "RegistradorPontoWeb", "RegistradorPontoWeb\RegistradorPontoWeb.csproj", "{23B1C8F7-6EFA-42B0-B36B-C18B1A397EDC}"
EndProject
Project("{FAE04EC0-301F-11D3-BF4B-00C04F79EFBC}") = "MonitorJobs", "MonitorJobs\MonitorJobs.csproj", "{8CB98491-9EFD-400F-80CD-5A9884FC3A0B}"
EndProject
Global
	GlobalSection(SolutionConfigurationPlatforms) = preSolution
		Debug|Any CPU = Debug|Any CPU
		Debug|Mixed Platforms = Debug|Mixed Platforms
		Debug|x64 = Debug|x64
		Debug|x86 = Debug|x86
		Desenvolvimento|Any CPU = Desenvolvimento|Any CPU
		Desenvolvimento|Mixed Platforms = Desenvolvimento|Mixed Platforms
		Desenvolvimento|x64 = Desenvolvimento|x64
		Desenvolvimento|x86 = Desenvolvimento|x86
		Homologacao|Any CPU = Homologacao|Any CPU
		Homologacao|Mixed Platforms = Homologacao|Mixed Platforms
		Homologacao|x64 = Homologacao|x64
		Homologacao|x86 = Homologacao|x86
		Release|Any CPU = Release|Any CPU
		Release|Mixed Platforms = Release|Mixed Platforms
		Release|x64 = Release|x64
		Release|x86 = Release|x86
	EndGlobalSection
	GlobalSection(ProjectConfigurationPlatforms) = postSolution
		{DFE5A7E8-8798-43D3-A61F-F1DD3AB38593}.Debug|Any CPU.ActiveCfg = Debug|Any CPU
		{DFE5A7E8-8798-43D3-A61F-F1DD3AB38593}.Debug|Any CPU.Build.0 = Debug|Any CPU
		{DFE5A7E8-8798-43D3-A61F-F1DD3AB38593}.Debug|Mixed Platforms.ActiveCfg = Debug|x86
		{DFE5A7E8-8798-43D3-A61F-F1DD3AB38593}.Debug|Mixed Platforms.Build.0 = Debug|x86
		{DFE5A7E8-8798-43D3-A61F-F1DD3AB38593}.Debug|x64.ActiveCfg = Debug|Any CPU
		{DFE5A7E8-8798-43D3-A61F-F1DD3AB38593}.Debug|x86.ActiveCfg = Debug|x86
		{DFE5A7E8-8798-43D3-A61F-F1DD3AB38593}.Debug|x86.Build.0 = Debug|x86
		{DFE5A7E8-8798-43D3-A61F-F1DD3AB38593}.Desenvolvimento|Any CPU.ActiveCfg = Desenvolvimento|Any CPU
		{DFE5A7E8-8798-43D3-A61F-F1DD3AB38593}.Desenvolvimento|Any CPU.Build.0 = Desenvolvimento|Any CPU
		{DFE5A7E8-8798-43D3-A61F-F1DD3AB38593}.Desenvolvimento|Mixed Platforms.ActiveCfg = Desenvolvimento|x86
		{DFE5A7E8-8798-43D3-A61F-F1DD3AB38593}.Desenvolvimento|Mixed Platforms.Build.0 = Desenvolvimento|x86
		{DFE5A7E8-8798-43D3-A61F-F1DD3AB38593}.Desenvolvimento|x64.ActiveCfg = Desenvolvimento|Any CPU
		{DFE5A7E8-8798-43D3-A61F-F1DD3AB38593}.Desenvolvimento|x64.Build.0 = Desenvolvimento|Any CPU
		{DFE5A7E8-8798-43D3-A61F-F1DD3AB38593}.Desenvolvimento|x86.ActiveCfg = Desenvolvimento|x86
		{DFE5A7E8-8798-43D3-A61F-F1DD3AB38593}.Desenvolvimento|x86.Build.0 = Desenvolvimento|x86
		{DFE5A7E8-8798-43D3-A61F-F1DD3AB38593}.Homologacao|Any CPU.ActiveCfg = Homologacao|Any CPU
		{DFE5A7E8-8798-43D3-A61F-F1DD3AB38593}.Homologacao|Any CPU.Build.0 = Homologacao|Any CPU
		{DFE5A7E8-8798-43D3-A61F-F1DD3AB38593}.Homologacao|Mixed Platforms.ActiveCfg = Homologacao|x86
		{DFE5A7E8-8798-43D3-A61F-F1DD3AB38593}.Homologacao|Mixed Platforms.Build.0 = Homologacao|x86
		{DFE5A7E8-8798-43D3-A61F-F1DD3AB38593}.Homologacao|x64.ActiveCfg = Homologacao|Any CPU
		{DFE5A7E8-8798-43D3-A61F-F1DD3AB38593}.Homologacao|x64.Build.0 = Homologacao|Any CPU
		{DFE5A7E8-8798-43D3-A61F-F1DD3AB38593}.Homologacao|x86.ActiveCfg = Homologacao|x86
		{DFE5A7E8-8798-43D3-A61F-F1DD3AB38593}.Homologacao|x86.Build.0 = Homologacao|x86
		{DFE5A7E8-8798-43D3-A61F-F1DD3AB38593}.Release|Any CPU.ActiveCfg = Release|Any CPU
		{DFE5A7E8-8798-43D3-A61F-F1DD3AB38593}.Release|Any CPU.Build.0 = Release|Any CPU
		{DFE5A7E8-8798-43D3-A61F-F1DD3AB38593}.Release|Mixed Platforms.ActiveCfg = Release|x86
		{DFE5A7E8-8798-43D3-A61F-F1DD3AB38593}.Release|Mixed Platforms.Build.0 = Release|x86
		{DFE5A7E8-8798-43D3-A61F-F1DD3AB38593}.Release|x64.ActiveCfg = Release|Any CPU
		{DFE5A7E8-8798-43D3-A61F-F1DD3AB38593}.Release|x86.ActiveCfg = Release|x86
		{DFE5A7E8-8798-43D3-A61F-F1DD3AB38593}.Release|x86.Build.0 = Release|x86
		{9E79E822-8FBD-49AE-8ED1-49DB4408EC47}.Debug|Any CPU.ActiveCfg = Debug|Any CPU
		{9E79E822-8FBD-49AE-8ED1-49DB4408EC47}.Debug|Any CPU.Build.0 = Debug|Any CPU
		{9E79E822-8FBD-49AE-8ED1-49DB4408EC47}.Debug|Mixed Platforms.ActiveCfg = Debug|x86
		{9E79E822-8FBD-49AE-8ED1-49DB4408EC47}.Debug|Mixed Platforms.Build.0 = Debug|x86
		{9E79E822-8FBD-49AE-8ED1-49DB4408EC47}.Debug|x64.ActiveCfg = Debug|Any CPU
		{9E79E822-8FBD-49AE-8ED1-49DB4408EC47}.Debug|x86.ActiveCfg = Debug|x86
		{9E79E822-8FBD-49AE-8ED1-49DB4408EC47}.Debug|x86.Build.0 = Debug|x86
		{9E79E822-8FBD-49AE-8ED1-49DB4408EC47}.Desenvolvimento|Any CPU.ActiveCfg = Desenvolvimento|Any CPU
		{9E79E822-8FBD-49AE-8ED1-49DB4408EC47}.Desenvolvimento|Any CPU.Build.0 = Desenvolvimento|Any CPU
		{9E79E822-8FBD-49AE-8ED1-49DB4408EC47}.Desenvolvimento|Mixed Platforms.ActiveCfg = Desenvolvimento|x86
		{9E79E822-8FBD-49AE-8ED1-49DB4408EC47}.Desenvolvimento|Mixed Platforms.Build.0 = Desenvolvimento|x86
		{9E79E822-8FBD-49AE-8ED1-49DB4408EC47}.Desenvolvimento|x64.ActiveCfg = Desenvolvimento|Any CPU
		{9E79E822-8FBD-49AE-8ED1-49DB4408EC47}.Desenvolvimento|x64.Build.0 = Desenvolvimento|Any CPU
		{9E79E822-8FBD-49AE-8ED1-49DB4408EC47}.Desenvolvimento|x86.ActiveCfg = Desenvolvimento|x86
		{9E79E822-8FBD-49AE-8ED1-49DB4408EC47}.Desenvolvimento|x86.Build.0 = Desenvolvimento|x86
		{9E79E822-8FBD-49AE-8ED1-49DB4408EC47}.Homologacao|Any CPU.ActiveCfg = Homologacao|Any CPU
		{9E79E822-8FBD-49AE-8ED1-49DB4408EC47}.Homologacao|Any CPU.Build.0 = Homologacao|Any CPU
		{9E79E822-8FBD-49AE-8ED1-49DB4408EC47}.Homologacao|Mixed Platforms.ActiveCfg = Homologacao|x86
		{9E79E822-8FBD-49AE-8ED1-49DB4408EC47}.Homologacao|Mixed Platforms.Build.0 = Homologacao|x86
		{9E79E822-8FBD-49AE-8ED1-49DB4408EC47}.Homologacao|x64.ActiveCfg = Homologacao|Any CPU
		{9E79E822-8FBD-49AE-8ED1-49DB4408EC47}.Homologacao|x64.Build.0 = Homologacao|Any CPU
		{9E79E822-8FBD-49AE-8ED1-49DB4408EC47}.Homologacao|x86.ActiveCfg = Homologacao|x86
		{9E79E822-8FBD-49AE-8ED1-49DB4408EC47}.Homologacao|x86.Build.0 = Homologacao|x86
		{9E79E822-8FBD-49AE-8ED1-49DB4408EC47}.Release|Any CPU.ActiveCfg = Release|Any CPU
		{9E79E822-8FBD-49AE-8ED1-49DB4408EC47}.Release|Any CPU.Build.0 = Release|Any CPU
		{9E79E822-8FBD-49AE-8ED1-49DB4408EC47}.Release|Mixed Platforms.ActiveCfg = Release|x86
		{9E79E822-8FBD-49AE-8ED1-49DB4408EC47}.Release|Mixed Platforms.Build.0 = Release|x86
		{9E79E822-8FBD-49AE-8ED1-49DB4408EC47}.Release|x64.ActiveCfg = Release|Any CPU
		{9E79E822-8FBD-49AE-8ED1-49DB4408EC47}.Release|x86.ActiveCfg = Release|x86
		{9E79E822-8FBD-49AE-8ED1-49DB4408EC47}.Release|x86.Build.0 = Release|x86
		{3FDF5FDE-0B9D-4ACE-A0BD-5B78C07F1B26}.Debug|Any CPU.ActiveCfg = Debug|Any CPU
		{3FDF5FDE-0B9D-4ACE-A0BD-5B78C07F1B26}.Debug|Any CPU.Build.0 = Debug|Any CPU
		{3FDF5FDE-0B9D-4ACE-A0BD-5B78C07F1B26}.Debug|Mixed Platforms.ActiveCfg = Debug|x86
		{3FDF5FDE-0B9D-4ACE-A0BD-5B78C07F1B26}.Debug|x64.ActiveCfg = Debug|Any CPU
		{3FDF5FDE-0B9D-4ACE-A0BD-5B78C07F1B26}.Debug|x86.ActiveCfg = Debug|x86
		{3FDF5FDE-0B9D-4ACE-A0BD-5B78C07F1B26}.Debug|x86.Build.0 = Debug|x86
		{3FDF5FDE-0B9D-4ACE-A0BD-5B78C07F1B26}.Desenvolvimento|Any CPU.ActiveCfg = Desenvolvimento|Any CPU
		{3FDF5FDE-0B9D-4ACE-A0BD-5B78C07F1B26}.Desenvolvimento|Mixed Platforms.ActiveCfg = Desenvolvimento|x86
		{3FDF5FDE-0B9D-4ACE-A0BD-5B78C07F1B26}.Desenvolvimento|Mixed Platforms.Build.0 = Desenvolvimento|x86
		{3FDF5FDE-0B9D-4ACE-A0BD-5B78C07F1B26}.Desenvolvimento|x64.ActiveCfg = Desenvolvimento|Any CPU
		{3FDF5FDE-0B9D-4ACE-A0BD-5B78C07F1B26}.Desenvolvimento|x64.Build.0 = Desenvolvimento|Any CPU
		{3FDF5FDE-0B9D-4ACE-A0BD-5B78C07F1B26}.Desenvolvimento|x86.ActiveCfg = Desenvolvimento|x86
		{3FDF5FDE-0B9D-4ACE-A0BD-5B78C07F1B26}.Homologacao|Any CPU.ActiveCfg = Homologacao|Any CPU
		{3FDF5FDE-0B9D-4ACE-A0BD-5B78C07F1B26}.Homologacao|Mixed Platforms.ActiveCfg = Homologacao|x86
		{3FDF5FDE-0B9D-4ACE-A0BD-5B78C07F1B26}.Homologacao|Mixed Platforms.Build.0 = Homologacao|x86
		{3FDF5FDE-0B9D-4ACE-A0BD-5B78C07F1B26}.Homologacao|x64.ActiveCfg = Homologacao|Any CPU
		{3FDF5FDE-0B9D-4ACE-A0BD-5B78C07F1B26}.Homologacao|x64.Build.0 = Homologacao|Any CPU
		{3FDF5FDE-0B9D-4ACE-A0BD-5B78C07F1B26}.Homologacao|x86.ActiveCfg = Homologacao|x86
		{3FDF5FDE-0B9D-4ACE-A0BD-5B78C07F1B26}.Release|Any CPU.ActiveCfg = Release|Any CPU
		{3FDF5FDE-0B9D-4ACE-A0BD-5B78C07F1B26}.Release|Any CPU.Build.0 = Release|Any CPU
		{3FDF5FDE-0B9D-4ACE-A0BD-5B78C07F1B26}.Release|Mixed Platforms.ActiveCfg = Release|x86
		{3FDF5FDE-0B9D-4ACE-A0BD-5B78C07F1B26}.Release|Mixed Platforms.Build.0 = Release|x86
		{3FDF5FDE-0B9D-4ACE-A0BD-5B78C07F1B26}.Release|x64.ActiveCfg = Release|Any CPU
		{3FDF5FDE-0B9D-4ACE-A0BD-5B78C07F1B26}.Release|x86.ActiveCfg = Release|x86
		{3FDF5FDE-0B9D-4ACE-A0BD-5B78C07F1B26}.Release|x86.Build.0 = Release|x86
		{A673C60F-9376-407B-9971-04EBA3C139D9}.Debug|Any CPU.ActiveCfg = Debug|Any CPU
		{A673C60F-9376-407B-9971-04EBA3C139D9}.Debug|Any CPU.Build.0 = Debug|Any CPU
		{A673C60F-9376-407B-9971-04EBA3C139D9}.Debug|Mixed Platforms.ActiveCfg = Debug|x86
		{A673C60F-9376-407B-9971-04EBA3C139D9}.Debug|x64.ActiveCfg = Debug|Any CPU
		{A673C60F-9376-407B-9971-04EBA3C139D9}.Debug|x86.ActiveCfg = Debug|x86
		{A673C60F-9376-407B-9971-04EBA3C139D9}.Debug|x86.Build.0 = Debug|x86
		{A673C60F-9376-407B-9971-04EBA3C139D9}.Desenvolvimento|Any CPU.ActiveCfg = Desenvolvimento|Any CPU
		{A673C60F-9376-407B-9971-04EBA3C139D9}.Desenvolvimento|Mixed Platforms.ActiveCfg = Desenvolvimento|x86
		{A673C60F-9376-407B-9971-04EBA3C139D9}.Desenvolvimento|Mixed Platforms.Build.0 = Desenvolvimento|x86
		{A673C60F-9376-407B-9971-04EBA3C139D9}.Desenvolvimento|x64.ActiveCfg = Desenvolvimento|Any CPU
		{A673C60F-9376-407B-9971-04EBA3C139D9}.Desenvolvimento|x64.Build.0 = Desenvolvimento|Any CPU
		{A673C60F-9376-407B-9971-04EBA3C139D9}.Desenvolvimento|x86.ActiveCfg = Desenvolvimento|x86
		{A673C60F-9376-407B-9971-04EBA3C139D9}.Homologacao|Any CPU.ActiveCfg = Homologacao|Any CPU
		{A673C60F-9376-407B-9971-04EBA3C139D9}.Homologacao|Mixed Platforms.ActiveCfg = Homologacao|x86
		{A673C60F-9376-407B-9971-04EBA3C139D9}.Homologacao|Mixed Platforms.Build.0 = Homologacao|x86
		{A673C60F-9376-407B-9971-04EBA3C139D9}.Homologacao|x64.ActiveCfg = Homologacao|Any CPU
		{A673C60F-9376-407B-9971-04EBA3C139D9}.Homologacao|x64.Build.0 = Homologacao|Any CPU
		{A673C60F-9376-407B-9971-04EBA3C139D9}.Homologacao|x86.ActiveCfg = Homologacao|x86
		{A673C60F-9376-407B-9971-04EBA3C139D9}.Release|Any CPU.ActiveCfg = Release|Any CPU
		{A673C60F-9376-407B-9971-04EBA3C139D9}.Release|Any CPU.Build.0 = Release|Any CPU
		{A673C60F-9376-407B-9971-04EBA3C139D9}.Release|Mixed Platforms.ActiveCfg = Release|x86
		{A673C60F-9376-407B-9971-04EBA3C139D9}.Release|Mixed Platforms.Build.0 = Release|x86
		{A673C60F-9376-407B-9971-04EBA3C139D9}.Release|x64.ActiveCfg = Release|Any CPU
		{A673C60F-9376-407B-9971-04EBA3C139D9}.Release|x86.ActiveCfg = Release|x86
		{A673C60F-9376-407B-9971-04EBA3C139D9}.Release|x86.Build.0 = Release|x86
		{C0239A00-EEF2-497A-A643-9260E0196E8D}.Debug|Any CPU.ActiveCfg = Debug|Any CPU
		{C0239A00-EEF2-497A-A643-9260E0196E8D}.Debug|Any CPU.Build.0 = Debug|Any CPU
		{C0239A00-EEF2-497A-A643-9260E0196E8D}.Debug|Mixed Platforms.ActiveCfg = Debug|x86
		{C0239A00-EEF2-497A-A643-9260E0196E8D}.Debug|Mixed Platforms.Build.0 = Debug|x86
		{C0239A00-EEF2-497A-A643-9260E0196E8D}.Debug|x64.ActiveCfg = Debug|Any CPU
		{C0239A00-EEF2-497A-A643-9260E0196E8D}.Debug|x86.ActiveCfg = Debug|x86
		{C0239A00-EEF2-497A-A643-9260E0196E8D}.Debug|x86.Build.0 = Debug|x86
		{C0239A00-EEF2-497A-A643-9260E0196E8D}.Desenvolvimento|Any CPU.ActiveCfg = Desenvolvimento|Any CPU
		{C0239A00-EEF2-497A-A643-9260E0196E8D}.Desenvolvimento|Any CPU.Build.0 = Desenvolvimento|Any CPU
		{C0239A00-EEF2-497A-A643-9260E0196E8D}.Desenvolvimento|Mixed Platforms.ActiveCfg = Desenvolvimento|x86
		{C0239A00-EEF2-497A-A643-9260E0196E8D}.Desenvolvimento|Mixed Platforms.Build.0 = Desenvolvimento|x86
		{C0239A00-EEF2-497A-A643-9260E0196E8D}.Desenvolvimento|x64.ActiveCfg = Desenvolvimento|Any CPU
		{C0239A00-EEF2-497A-A643-9260E0196E8D}.Desenvolvimento|x64.Build.0 = Desenvolvimento|Any CPU
		{C0239A00-EEF2-497A-A643-9260E0196E8D}.Desenvolvimento|x86.ActiveCfg = Desenvolvimento|x86
		{C0239A00-EEF2-497A-A643-9260E0196E8D}.Desenvolvimento|x86.Build.0 = Desenvolvimento|x86
		{C0239A00-EEF2-497A-A643-9260E0196E8D}.Homologacao|Any CPU.ActiveCfg = Homologacao|Any CPU
		{C0239A00-EEF2-497A-A643-9260E0196E8D}.Homologacao|Any CPU.Build.0 = Homologacao|Any CPU
		{C0239A00-EEF2-497A-A643-9260E0196E8D}.Homologacao|Mixed Platforms.ActiveCfg = Homologacao|x86
		{C0239A00-EEF2-497A-A643-9260E0196E8D}.Homologacao|Mixed Platforms.Build.0 = Homologacao|x86
		{C0239A00-EEF2-497A-A643-9260E0196E8D}.Homologacao|x64.ActiveCfg = Homologacao|Any CPU
		{C0239A00-EEF2-497A-A643-9260E0196E8D}.Homologacao|x64.Build.0 = Homologacao|Any CPU
		{C0239A00-EEF2-497A-A643-9260E0196E8D}.Homologacao|x86.ActiveCfg = Homologacao|x86
		{C0239A00-EEF2-497A-A643-9260E0196E8D}.Homologacao|x86.Build.0 = Homologacao|x86
		{C0239A00-EEF2-497A-A643-9260E0196E8D}.Release|Any CPU.ActiveCfg = Release|Any CPU
		{C0239A00-EEF2-497A-A643-9260E0196E8D}.Release|Any CPU.Build.0 = Release|Any CPU
		{C0239A00-EEF2-497A-A643-9260E0196E8D}.Release|Mixed Platforms.ActiveCfg = Release|x86
		{C0239A00-EEF2-497A-A643-9260E0196E8D}.Release|Mixed Platforms.Build.0 = Release|x86
		{C0239A00-EEF2-497A-A643-9260E0196E8D}.Release|x64.ActiveCfg = Release|Any CPU
		{C0239A00-EEF2-497A-A643-9260E0196E8D}.Release|x86.ActiveCfg = Release|x86
		{C0239A00-EEF2-497A-A643-9260E0196E8D}.Release|x86.Build.0 = Release|x86
		{58C16851-4999-493C-A135-F24911BB830D}.Debug|Any CPU.ActiveCfg = Debug|Any CPU
		{58C16851-4999-493C-A135-F24911BB830D}.Debug|Any CPU.Build.0 = Debug|Any CPU
		{58C16851-4999-493C-A135-F24911BB830D}.Debug|Mixed Platforms.ActiveCfg = Debug|x86
		{58C16851-4999-493C-A135-F24911BB830D}.Debug|x64.ActiveCfg = Debug|Any CPU
		{58C16851-4999-493C-A135-F24911BB830D}.Debug|x86.ActiveCfg = Debug|x86
		{58C16851-4999-493C-A135-F24911BB830D}.Debug|x86.Build.0 = Debug|x86
		{58C16851-4999-493C-A135-F24911BB830D}.Desenvolvimento|Any CPU.ActiveCfg = Desenvolvimento|Any CPU
		{58C16851-4999-493C-A135-F24911BB830D}.Desenvolvimento|Mixed Platforms.ActiveCfg = Desenvolvimento|x86
		{58C16851-4999-493C-A135-F24911BB830D}.Desenvolvimento|Mixed Platforms.Build.0 = Desenvolvimento|x86
		{58C16851-4999-493C-A135-F24911BB830D}.Desenvolvimento|x64.ActiveCfg = Desenvolvimento|Any CPU
		{58C16851-4999-493C-A135-F24911BB830D}.Desenvolvimento|x64.Build.0 = Desenvolvimento|Any CPU
		{58C16851-4999-493C-A135-F24911BB830D}.Desenvolvimento|x86.ActiveCfg = Desenvolvimento|x86
		{58C16851-4999-493C-A135-F24911BB830D}.Homologacao|Any CPU.ActiveCfg = Homologacao|Any CPU
		{58C16851-4999-493C-A135-F24911BB830D}.Homologacao|Mixed Platforms.ActiveCfg = Homologacao|x86
		{58C16851-4999-493C-A135-F24911BB830D}.Homologacao|Mixed Platforms.Build.0 = Homologacao|x86
		{58C16851-4999-493C-A135-F24911BB830D}.Homologacao|x64.ActiveCfg = Homologacao|Any CPU
		{58C16851-4999-493C-A135-F24911BB830D}.Homologacao|x64.Build.0 = Homologacao|Any CPU
		{58C16851-4999-493C-A135-F24911BB830D}.Homologacao|x86.ActiveCfg = Homologacao|x86
		{58C16851-4999-493C-A135-F24911BB830D}.Release|Any CPU.ActiveCfg = Release|Any CPU
		{58C16851-4999-493C-A135-F24911BB830D}.Release|Any CPU.Build.0 = Release|Any CPU
		{58C16851-4999-493C-A135-F24911BB830D}.Release|Mixed Platforms.ActiveCfg = Release|x86
		{58C16851-4999-493C-A135-F24911BB830D}.Release|Mixed Platforms.Build.0 = Release|x86
		{58C16851-4999-493C-A135-F24911BB830D}.Release|x64.ActiveCfg = Release|Any CPU
		{58C16851-4999-493C-A135-F24911BB830D}.Release|x86.ActiveCfg = Release|x86
		{58C16851-4999-493C-A135-F24911BB830D}.Release|x86.Build.0 = Release|x86
		{51FB92A1-F1F8-4F3A-92B0-FCDEE7EBA946}.Debug|Any CPU.ActiveCfg = Debug|Any CPU
		{51FB92A1-F1F8-4F3A-92B0-FCDEE7EBA946}.Debug|Any CPU.Build.0 = Debug|Any CPU
		{51FB92A1-F1F8-4F3A-92B0-FCDEE7EBA946}.Debug|Mixed Platforms.ActiveCfg = Debug|x86
		{51FB92A1-F1F8-4F3A-92B0-FCDEE7EBA946}.Debug|x64.ActiveCfg = Debug|Any CPU
		{51FB92A1-F1F8-4F3A-92B0-FCDEE7EBA946}.Debug|x86.ActiveCfg = Debug|x86
		{51FB92A1-F1F8-4F3A-92B0-FCDEE7EBA946}.Debug|x86.Build.0 = Debug|x86
		{51FB92A1-F1F8-4F3A-92B0-FCDEE7EBA946}.Desenvolvimento|Any CPU.ActiveCfg = Desenvolvimento|Any CPU
		{51FB92A1-F1F8-4F3A-92B0-FCDEE7EBA946}.Desenvolvimento|Mixed Platforms.ActiveCfg = Desenvolvimento|x86
		{51FB92A1-F1F8-4F3A-92B0-FCDEE7EBA946}.Desenvolvimento|Mixed Platforms.Build.0 = Desenvolvimento|x86
		{51FB92A1-F1F8-4F3A-92B0-FCDEE7EBA946}.Desenvolvimento|x64.ActiveCfg = Desenvolvimento|Any CPU
		{51FB92A1-F1F8-4F3A-92B0-FCDEE7EBA946}.Desenvolvimento|x64.Build.0 = Desenvolvimento|Any CPU
		{51FB92A1-F1F8-4F3A-92B0-FCDEE7EBA946}.Desenvolvimento|x86.ActiveCfg = Desenvolvimento|x86
		{51FB92A1-F1F8-4F3A-92B0-FCDEE7EBA946}.Homologacao|Any CPU.ActiveCfg = Homologacao|Any CPU
		{51FB92A1-F1F8-4F3A-92B0-FCDEE7EBA946}.Homologacao|Mixed Platforms.ActiveCfg = Homologacao|x86
		{51FB92A1-F1F8-4F3A-92B0-FCDEE7EBA946}.Homologacao|Mixed Platforms.Build.0 = Homologacao|x86
		{51FB92A1-F1F8-4F3A-92B0-FCDEE7EBA946}.Homologacao|x64.ActiveCfg = Homologacao|Any CPU
		{51FB92A1-F1F8-4F3A-92B0-FCDEE7EBA946}.Homologacao|x64.Build.0 = Homologacao|Any CPU
		{51FB92A1-F1F8-4F3A-92B0-FCDEE7EBA946}.Homologacao|x86.ActiveCfg = Homologacao|x86
		{51FB92A1-F1F8-4F3A-92B0-FCDEE7EBA946}.Release|Any CPU.ActiveCfg = Release|Any CPU
		{51FB92A1-F1F8-4F3A-92B0-FCDEE7EBA946}.Release|Any CPU.Build.0 = Release|Any CPU
		{51FB92A1-F1F8-4F3A-92B0-FCDEE7EBA946}.Release|Mixed Platforms.ActiveCfg = Release|x86
		{51FB92A1-F1F8-4F3A-92B0-FCDEE7EBA946}.Release|Mixed Platforms.Build.0 = Release|x86
		{51FB92A1-F1F8-4F3A-92B0-FCDEE7EBA946}.Release|x64.ActiveCfg = Release|Any CPU
		{51FB92A1-F1F8-4F3A-92B0-FCDEE7EBA946}.Release|x86.ActiveCfg = Release|x86
		{51FB92A1-F1F8-4F3A-92B0-FCDEE7EBA946}.Release|x86.Build.0 = Release|x86
		{699F1281-2F9F-4143-8D2E-07C712B7695C}.Debug|Any CPU.ActiveCfg = Debug|Any CPU
		{699F1281-2F9F-4143-8D2E-07C712B7695C}.Debug|Any CPU.Build.0 = Debug|Any CPU
		{699F1281-2F9F-4143-8D2E-07C712B7695C}.Debug|Mixed Platforms.ActiveCfg = Debug|x86
		{699F1281-2F9F-4143-8D2E-07C712B7695C}.Debug|x64.ActiveCfg = Debug|Any CPU
		{699F1281-2F9F-4143-8D2E-07C712B7695C}.Debug|x86.ActiveCfg = Debug|x86
		{699F1281-2F9F-4143-8D2E-07C712B7695C}.Debug|x86.Build.0 = Debug|x86
		{699F1281-2F9F-4143-8D2E-07C712B7695C}.Desenvolvimento|Any CPU.ActiveCfg = Desenvolvimento|Any CPU
		{699F1281-2F9F-4143-8D2E-07C712B7695C}.Desenvolvimento|Mixed Platforms.ActiveCfg = Desenvolvimento|x86
		{699F1281-2F9F-4143-8D2E-07C712B7695C}.Desenvolvimento|Mixed Platforms.Build.0 = Desenvolvimento|x86
		{699F1281-2F9F-4143-8D2E-07C712B7695C}.Desenvolvimento|x64.ActiveCfg = Desenvolvimento|Any CPU
		{699F1281-2F9F-4143-8D2E-07C712B7695C}.Desenvolvimento|x64.Build.0 = Desenvolvimento|Any CPU
		{699F1281-2F9F-4143-8D2E-07C712B7695C}.Desenvolvimento|x86.ActiveCfg = Desenvolvimento|x86
		{699F1281-2F9F-4143-8D2E-07C712B7695C}.Homologacao|Any CPU.ActiveCfg = Homologacao|Any CPU
		{699F1281-2F9F-4143-8D2E-07C712B7695C}.Homologacao|Mixed Platforms.ActiveCfg = Homologacao|x86
		{699F1281-2F9F-4143-8D2E-07C712B7695C}.Homologacao|Mixed Platforms.Build.0 = Homologacao|x86
		{699F1281-2F9F-4143-8D2E-07C712B7695C}.Homologacao|x64.ActiveCfg = Homologacao|Any CPU
		{699F1281-2F9F-4143-8D2E-07C712B7695C}.Homologacao|x64.Build.0 = Homologacao|Any CPU
		{699F1281-2F9F-4143-8D2E-07C712B7695C}.Homologacao|x86.ActiveCfg = Homologacao|x86
		{699F1281-2F9F-4143-8D2E-07C712B7695C}.Release|Any CPU.ActiveCfg = Release|Any CPU
		{699F1281-2F9F-4143-8D2E-07C712B7695C}.Release|Any CPU.Build.0 = Release|Any CPU
		{699F1281-2F9F-4143-8D2E-07C712B7695C}.Release|Mixed Platforms.ActiveCfg = Release|x86
		{699F1281-2F9F-4143-8D2E-07C712B7695C}.Release|Mixed Platforms.Build.0 = Release|x86
		{699F1281-2F9F-4143-8D2E-07C712B7695C}.Release|x64.ActiveCfg = Release|Any CPU
		{699F1281-2F9F-4143-8D2E-07C712B7695C}.Release|x86.ActiveCfg = Release|x86
		{699F1281-2F9F-4143-8D2E-07C712B7695C}.Release|x86.Build.0 = Release|x86
		{498061B5-3229-411B-A807-A2FC98410927}.Debug|Any CPU.ActiveCfg = Debug|Any CPU
		{498061B5-3229-411B-A807-A2FC98410927}.Debug|Any CPU.Build.0 = Debug|Any CPU
		{498061B5-3229-411B-A807-A2FC98410927}.Debug|Mixed Platforms.ActiveCfg = Debug|x86
		{498061B5-3229-411B-A807-A2FC98410927}.Debug|Mixed Platforms.Build.0 = Debug|x86
		{498061B5-3229-411B-A807-A2FC98410927}.Debug|x64.ActiveCfg = Debug|Any CPU
		{498061B5-3229-411B-A807-A2FC98410927}.Debug|x86.ActiveCfg = Debug|x86
		{498061B5-3229-411B-A807-A2FC98410927}.Debug|x86.Build.0 = Debug|x86
		{498061B5-3229-411B-A807-A2FC98410927}.Desenvolvimento|Any CPU.ActiveCfg = Desenvolvimento|Any CPU
		{498061B5-3229-411B-A807-A2FC98410927}.Desenvolvimento|Any CPU.Build.0 = Desenvolvimento|Any CPU
		{498061B5-3229-411B-A807-A2FC98410927}.Desenvolvimento|Mixed Platforms.ActiveCfg = Desenvolvimento|x86
		{498061B5-3229-411B-A807-A2FC98410927}.Desenvolvimento|Mixed Platforms.Build.0 = Desenvolvimento|x86
		{498061B5-3229-411B-A807-A2FC98410927}.Desenvolvimento|x64.ActiveCfg = Desenvolvimento|Any CPU
		{498061B5-3229-411B-A807-A2FC98410927}.Desenvolvimento|x64.Build.0 = Desenvolvimento|Any CPU
		{498061B5-3229-411B-A807-A2FC98410927}.Desenvolvimento|x86.ActiveCfg = Desenvolvimento|x86
		{498061B5-3229-411B-A807-A2FC98410927}.Desenvolvimento|x86.Build.0 = Desenvolvimento|x86
		{498061B5-3229-411B-A807-A2FC98410927}.Homologacao|Any CPU.ActiveCfg = Homologacao|Any CPU
		{498061B5-3229-411B-A807-A2FC98410927}.Homologacao|Any CPU.Build.0 = Homologacao|Any CPU
		{498061B5-3229-411B-A807-A2FC98410927}.Homologacao|Mixed Platforms.ActiveCfg = Homologacao|x86
		{498061B5-3229-411B-A807-A2FC98410927}.Homologacao|Mixed Platforms.Build.0 = Homologacao|x86
		{498061B5-3229-411B-A807-A2FC98410927}.Homologacao|x64.ActiveCfg = Homologacao|Any CPU
		{498061B5-3229-411B-A807-A2FC98410927}.Homologacao|x64.Build.0 = Homologacao|Any CPU
		{498061B5-3229-411B-A807-A2FC98410927}.Homologacao|x86.ActiveCfg = Homologacao|x86
		{498061B5-3229-411B-A807-A2FC98410927}.Homologacao|x86.Build.0 = Homologacao|x86
		{498061B5-3229-411B-A807-A2FC98410927}.Release|Any CPU.ActiveCfg = Release|Any CPU
		{498061B5-3229-411B-A807-A2FC98410927}.Release|Any CPU.Build.0 = Release|Any CPU
		{498061B5-3229-411B-A807-A2FC98410927}.Release|Mixed Platforms.ActiveCfg = Release|x86
		{498061B5-3229-411B-A807-A2FC98410927}.Release|Mixed Platforms.Build.0 = Release|x86
		{498061B5-3229-411B-A807-A2FC98410927}.Release|x64.ActiveCfg = Release|Any CPU
		{498061B5-3229-411B-A807-A2FC98410927}.Release|x86.ActiveCfg = Release|x86
		{498061B5-3229-411B-A807-A2FC98410927}.Release|x86.Build.0 = Release|x86
		{2D929F25-EBC3-4340-8F75-23C5A5C9AA81}.Debug|Any CPU.ActiveCfg = Debug|Any CPU
		{2D929F25-EBC3-4340-8F75-23C5A5C9AA81}.Debug|Any CPU.Build.0 = Debug|Any CPU
		{2D929F25-EBC3-4340-8F75-23C5A5C9AA81}.Debug|Mixed Platforms.ActiveCfg = Debug|x86
		{2D929F25-EBC3-4340-8F75-23C5A5C9AA81}.Debug|x64.ActiveCfg = Debug|Any CPU
		{2D929F25-EBC3-4340-8F75-23C5A5C9AA81}.Debug|x86.ActiveCfg = Debug|x86
		{2D929F25-EBC3-4340-8F75-23C5A5C9AA81}.Debug|x86.Build.0 = Debug|x86
		{2D929F25-EBC3-4340-8F75-23C5A5C9AA81}.Desenvolvimento|Any CPU.ActiveCfg = Desenvolvimento|Any CPU
		{2D929F25-EBC3-4340-8F75-23C5A5C9AA81}.Desenvolvimento|Mixed Platforms.ActiveCfg = Desenvolvimento|x86
		{2D929F25-EBC3-4340-8F75-23C5A5C9AA81}.Desenvolvimento|Mixed Platforms.Build.0 = Desenvolvimento|x86
		{2D929F25-EBC3-4340-8F75-23C5A5C9AA81}.Desenvolvimento|x64.ActiveCfg = Desenvolvimento|Any CPU
		{2D929F25-EBC3-4340-8F75-23C5A5C9AA81}.Desenvolvimento|x64.Build.0 = Desenvolvimento|Any CPU
		{2D929F25-EBC3-4340-8F75-23C5A5C9AA81}.Desenvolvimento|x86.ActiveCfg = Desenvolvimento|x86
		{2D929F25-EBC3-4340-8F75-23C5A5C9AA81}.Homologacao|Any CPU.ActiveCfg = Homologacao|Any CPU
		{2D929F25-EBC3-4340-8F75-23C5A5C9AA81}.Homologacao|Mixed Platforms.ActiveCfg = Homologacao|x86
		{2D929F25-EBC3-4340-8F75-23C5A5C9AA81}.Homologacao|Mixed Platforms.Build.0 = Homologacao|x86
		{2D929F25-EBC3-4340-8F75-23C5A5C9AA81}.Homologacao|x64.ActiveCfg = Homologacao|Any CPU
		{2D929F25-EBC3-4340-8F75-23C5A5C9AA81}.Homologacao|x64.Build.0 = Homologacao|Any CPU
		{2D929F25-EBC3-4340-8F75-23C5A5C9AA81}.Homologacao|x86.ActiveCfg = Homologacao|x86
		{2D929F25-EBC3-4340-8F75-23C5A5C9AA81}.Release|Any CPU.ActiveCfg = Release|Any CPU
		{2D929F25-EBC3-4340-8F75-23C5A5C9AA81}.Release|Any CPU.Build.0 = Release|Any CPU
		{2D929F25-EBC3-4340-8F75-23C5A5C9AA81}.Release|Mixed Platforms.ActiveCfg = Release|x86
		{2D929F25-EBC3-4340-8F75-23C5A5C9AA81}.Release|Mixed Platforms.Build.0 = Release|x86
		{2D929F25-EBC3-4340-8F75-23C5A5C9AA81}.Release|x64.ActiveCfg = Release|Any CPU
		{2D929F25-EBC3-4340-8F75-23C5A5C9AA81}.Release|x86.ActiveCfg = Release|x86
		{2D929F25-EBC3-4340-8F75-23C5A5C9AA81}.Release|x86.Build.0 = Release|x86
		{4FC505C1-ED57-46CC-BD65-8294802A48B9}.Debug|Any CPU.ActiveCfg = Debug|Any CPU
		{4FC505C1-ED57-46CC-BD65-8294802A48B9}.Debug|Any CPU.Build.0 = Debug|Any CPU
		{4FC505C1-ED57-46CC-BD65-8294802A48B9}.Debug|Mixed Platforms.ActiveCfg = Debug|x86
		{4FC505C1-ED57-46CC-BD65-8294802A48B9}.Debug|x64.ActiveCfg = Debug|Any CPU
		{4FC505C1-ED57-46CC-BD65-8294802A48B9}.Debug|x86.ActiveCfg = Debug|x86
		{4FC505C1-ED57-46CC-BD65-8294802A48B9}.Debug|x86.Build.0 = Debug|x86
		{4FC505C1-ED57-46CC-BD65-8294802A48B9}.Desenvolvimento|Any CPU.ActiveCfg = Desenvolvimento|Any CPU
		{4FC505C1-ED57-46CC-BD65-8294802A48B9}.Desenvolvimento|Mixed Platforms.ActiveCfg = Desenvolvimento|x86
		{4FC505C1-ED57-46CC-BD65-8294802A48B9}.Desenvolvimento|Mixed Platforms.Build.0 = Desenvolvimento|x86
		{4FC505C1-ED57-46CC-BD65-8294802A48B9}.Desenvolvimento|x64.ActiveCfg = Desenvolvimento|Any CPU
		{4FC505C1-ED57-46CC-BD65-8294802A48B9}.Desenvolvimento|x64.Build.0 = Desenvolvimento|Any CPU
		{4FC505C1-ED57-46CC-BD65-8294802A48B9}.Desenvolvimento|x86.ActiveCfg = Desenvolvimento|x86
		{4FC505C1-ED57-46CC-BD65-8294802A48B9}.Homologacao|Any CPU.ActiveCfg = Homologacao|Any CPU
		{4FC505C1-ED57-46CC-BD65-8294802A48B9}.Homologacao|Mixed Platforms.ActiveCfg = Homologacao|x86
		{4FC505C1-ED57-46CC-BD65-8294802A48B9}.Homologacao|Mixed Platforms.Build.0 = Homologacao|x86
		{4FC505C1-ED57-46CC-BD65-8294802A48B9}.Homologacao|x64.ActiveCfg = Homologacao|Any CPU
		{4FC505C1-ED57-46CC-BD65-8294802A48B9}.Homologacao|x64.Build.0 = Homologacao|Any CPU
		{4FC505C1-ED57-46CC-BD65-8294802A48B9}.Homologacao|x86.ActiveCfg = Homologacao|x86
		{4FC505C1-ED57-46CC-BD65-8294802A48B9}.Release|Any CPU.ActiveCfg = Release|Any CPU
		{4FC505C1-ED57-46CC-BD65-8294802A48B9}.Release|Any CPU.Build.0 = Release|Any CPU
		{4FC505C1-ED57-46CC-BD65-8294802A48B9}.Release|Mixed Platforms.ActiveCfg = Release|x86
		{4FC505C1-ED57-46CC-BD65-8294802A48B9}.Release|Mixed Platforms.Build.0 = Release|x86
		{4FC505C1-ED57-46CC-BD65-8294802A48B9}.Release|x64.ActiveCfg = Release|Any CPU
		{4FC505C1-ED57-46CC-BD65-8294802A48B9}.Release|x86.ActiveCfg = Release|x86
		{4FC505C1-ED57-46CC-BD65-8294802A48B9}.Release|x86.Build.0 = Release|x86
		{897EAB2F-9593-4BDD-B945-113C13A71187}.Debug|Any CPU.ActiveCfg = Debug|Any CPU
		{897EAB2F-9593-4BDD-B945-113C13A71187}.Debug|Any CPU.Build.0 = Debug|Any CPU
		{897EAB2F-9593-4BDD-B945-113C13A71187}.Debug|Mixed Platforms.ActiveCfg = Debug|x86
		{897EAB2F-9593-4BDD-B945-113C13A71187}.Debug|x64.ActiveCfg = Debug|Any CPU
		{897EAB2F-9593-4BDD-B945-113C13A71187}.Debug|x86.ActiveCfg = Debug|x86
		{897EAB2F-9593-4BDD-B945-113C13A71187}.Debug|x86.Build.0 = Debug|x86
		{897EAB2F-9593-4BDD-B945-113C13A71187}.Desenvolvimento|Any CPU.ActiveCfg = Desenvolvimento|Any CPU
		{897EAB2F-9593-4BDD-B945-113C13A71187}.Desenvolvimento|Mixed Platforms.ActiveCfg = Desenvolvimento|x86
		{897EAB2F-9593-4BDD-B945-113C13A71187}.Desenvolvimento|Mixed Platforms.Build.0 = Desenvolvimento|x86
		{897EAB2F-9593-4BDD-B945-113C13A71187}.Desenvolvimento|x64.ActiveCfg = Desenvolvimento|Any CPU
		{897EAB2F-9593-4BDD-B945-113C13A71187}.Desenvolvimento|x64.Build.0 = Desenvolvimento|Any CPU
		{897EAB2F-9593-4BDD-B945-113C13A71187}.Desenvolvimento|x86.ActiveCfg = Desenvolvimento|x86
		{897EAB2F-9593-4BDD-B945-113C13A71187}.Homologacao|Any CPU.ActiveCfg = Homologacao|Any CPU
		{897EAB2F-9593-4BDD-B945-113C13A71187}.Homologacao|Mixed Platforms.ActiveCfg = Homologacao|x86
		{897EAB2F-9593-4BDD-B945-113C13A71187}.Homologacao|Mixed Platforms.Build.0 = Homologacao|x86
		{897EAB2F-9593-4BDD-B945-113C13A71187}.Homologacao|x64.ActiveCfg = Homologacao|Any CPU
		{897EAB2F-9593-4BDD-B945-113C13A71187}.Homologacao|x64.Build.0 = Homologacao|Any CPU
		{897EAB2F-9593-4BDD-B945-113C13A71187}.Homologacao|x86.ActiveCfg = Homologacao|x86
		{897EAB2F-9593-4BDD-B945-113C13A71187}.Release|Any CPU.ActiveCfg = Release|Any CPU
		{897EAB2F-9593-4BDD-B945-113C13A71187}.Release|Any CPU.Build.0 = Release|Any CPU
		{897EAB2F-9593-4BDD-B945-113C13A71187}.Release|Mixed Platforms.ActiveCfg = Release|x86
		{897EAB2F-9593-4BDD-B945-113C13A71187}.Release|Mixed Platforms.Build.0 = Release|x86
		{897EAB2F-9593-4BDD-B945-113C13A71187}.Release|x64.ActiveCfg = Release|Any CPU
		{897EAB2F-9593-4BDD-B945-113C13A71187}.Release|x86.ActiveCfg = Release|x86
		{897EAB2F-9593-4BDD-B945-113C13A71187}.Release|x86.Build.0 = Release|x86
		{697D1A57-23AB-43ED-BF99-FEF1CF480739}.Debug|Any CPU.ActiveCfg = Debug|Any CPU
		{697D1A57-23AB-43ED-BF99-FEF1CF480739}.Debug|Any CPU.Build.0 = Debug|Any CPU
		{697D1A57-23AB-43ED-BF99-FEF1CF480739}.Debug|Mixed Platforms.ActiveCfg = Debug|x86
		{697D1A57-23AB-43ED-BF99-FEF1CF480739}.Debug|x64.ActiveCfg = Debug|Any CPU
		{697D1A57-23AB-43ED-BF99-FEF1CF480739}.Debug|x86.ActiveCfg = Debug|x86
		{697D1A57-23AB-43ED-BF99-FEF1CF480739}.Debug|x86.Build.0 = Debug|x86
		{697D1A57-23AB-43ED-BF99-FEF1CF480739}.Desenvolvimento|Any CPU.ActiveCfg = Desenvolvimento|Any CPU
		{697D1A57-23AB-43ED-BF99-FEF1CF480739}.Desenvolvimento|Mixed Platforms.ActiveCfg = Desenvolvimento|x86
		{697D1A57-23AB-43ED-BF99-FEF1CF480739}.Desenvolvimento|Mixed Platforms.Build.0 = Desenvolvimento|x86
		{697D1A57-23AB-43ED-BF99-FEF1CF480739}.Desenvolvimento|x64.ActiveCfg = Desenvolvimento|Any CPU
		{697D1A57-23AB-43ED-BF99-FEF1CF480739}.Desenvolvimento|x64.Build.0 = Desenvolvimento|Any CPU
		{697D1A57-23AB-43ED-BF99-FEF1CF480739}.Desenvolvimento|x86.ActiveCfg = Desenvolvimento|x86
		{697D1A57-23AB-43ED-BF99-FEF1CF480739}.Homologacao|Any CPU.ActiveCfg = Homologacao|Any CPU
		{697D1A57-23AB-43ED-BF99-FEF1CF480739}.Homologacao|Mixed Platforms.ActiveCfg = Homologacao|x86
		{697D1A57-23AB-43ED-BF99-FEF1CF480739}.Homologacao|Mixed Platforms.Build.0 = Homologacao|x86
		{697D1A57-23AB-43ED-BF99-FEF1CF480739}.Homologacao|x64.ActiveCfg = Homologacao|Any CPU
		{697D1A57-23AB-43ED-BF99-FEF1CF480739}.Homologacao|x64.Build.0 = Homologacao|Any CPU
		{697D1A57-23AB-43ED-BF99-FEF1CF480739}.Homologacao|x86.ActiveCfg = Homologacao|x86
		{697D1A57-23AB-43ED-BF99-FEF1CF480739}.Release|Any CPU.ActiveCfg = Release|Any CPU
		{697D1A57-23AB-43ED-BF99-FEF1CF480739}.Release|Any CPU.Build.0 = Release|Any CPU
		{697D1A57-23AB-43ED-BF99-FEF1CF480739}.Release|Mixed Platforms.ActiveCfg = Release|x86
		{697D1A57-23AB-43ED-BF99-FEF1CF480739}.Release|Mixed Platforms.Build.0 = Release|x86
		{697D1A57-23AB-43ED-BF99-FEF1CF480739}.Release|x64.ActiveCfg = Release|Any CPU
		{697D1A57-23AB-43ED-BF99-FEF1CF480739}.Release|x86.ActiveCfg = Release|x86
		{697D1A57-23AB-43ED-BF99-FEF1CF480739}.Release|x86.Build.0 = Release|x86
		{BD521475-1920-4DBA-827B-0A6324E19937}.Debug|Any CPU.ActiveCfg = Debug|Any CPU
		{BD521475-1920-4DBA-827B-0A6324E19937}.Debug|Any CPU.Build.0 = Debug|Any CPU
		{BD521475-1920-4DBA-827B-0A6324E19937}.Debug|Mixed Platforms.ActiveCfg = Debug|x86
		{BD521475-1920-4DBA-827B-0A6324E19937}.Debug|Mixed Platforms.Build.0 = Debug|x86
		{BD521475-1920-4DBA-827B-0A6324E19937}.Debug|x64.ActiveCfg = Debug|Any CPU
		{BD521475-1920-4DBA-827B-0A6324E19937}.Debug|x86.ActiveCfg = Debug|x86
		{BD521475-1920-4DBA-827B-0A6324E19937}.Debug|x86.Build.0 = Debug|x86
		{BD521475-1920-4DBA-827B-0A6324E19937}.Desenvolvimento|Any CPU.ActiveCfg = Desenvolvimento|Any CPU
		{BD521475-1920-4DBA-827B-0A6324E19937}.Desenvolvimento|Any CPU.Build.0 = Desenvolvimento|Any CPU
		{BD521475-1920-4DBA-827B-0A6324E19937}.Desenvolvimento|Mixed Platforms.ActiveCfg = Desenvolvimento|x86
		{BD521475-1920-4DBA-827B-0A6324E19937}.Desenvolvimento|Mixed Platforms.Build.0 = Desenvolvimento|x86
		{BD521475-1920-4DBA-827B-0A6324E19937}.Desenvolvimento|x64.ActiveCfg = Desenvolvimento|Any CPU
		{BD521475-1920-4DBA-827B-0A6324E19937}.Desenvolvimento|x64.Build.0 = Desenvolvimento|Any CPU
		{BD521475-1920-4DBA-827B-0A6324E19937}.Desenvolvimento|x86.ActiveCfg = Desenvolvimento|x86
		{BD521475-1920-4DBA-827B-0A6324E19937}.Desenvolvimento|x86.Build.0 = Desenvolvimento|x86
		{BD521475-1920-4DBA-827B-0A6324E19937}.Homologacao|Any CPU.ActiveCfg = Homologacao|Any CPU
		{BD521475-1920-4DBA-827B-0A6324E19937}.Homologacao|Any CPU.Build.0 = Homologacao|Any CPU
		{BD521475-1920-4DBA-827B-0A6324E19937}.Homologacao|Mixed Platforms.ActiveCfg = Homologacao|x86
		{BD521475-1920-4DBA-827B-0A6324E19937}.Homologacao|Mixed Platforms.Build.0 = Homologacao|x86
		{BD521475-1920-4DBA-827B-0A6324E19937}.Homologacao|x64.ActiveCfg = Homologacao|Any CPU
		{BD521475-1920-4DBA-827B-0A6324E19937}.Homologacao|x64.Build.0 = Homologacao|Any CPU
		{BD521475-1920-4DBA-827B-0A6324E19937}.Homologacao|x86.ActiveCfg = Homologacao|x86
		{BD521475-1920-4DBA-827B-0A6324E19937}.Homologacao|x86.Build.0 = Homologacao|x86
		{BD521475-1920-4DBA-827B-0A6324E19937}.Release|Any CPU.ActiveCfg = Release|Any CPU
		{BD521475-1920-4DBA-827B-0A6324E19937}.Release|Any CPU.Build.0 = Release|Any CPU
		{BD521475-1920-4DBA-827B-0A6324E19937}.Release|Mixed Platforms.ActiveCfg = Release|x86
		{BD521475-1920-4DBA-827B-0A6324E19937}.Release|Mixed Platforms.Build.0 = Release|x86
		{BD521475-1920-4DBA-827B-0A6324E19937}.Release|x64.ActiveCfg = Release|Any CPU
		{BD521475-1920-4DBA-827B-0A6324E19937}.Release|x86.ActiveCfg = Release|x86
		{BD521475-1920-4DBA-827B-0A6324E19937}.Release|x86.Build.0 = Release|x86
		{4AA014FD-60E6-471D-90B7-3F72C6756E83}.Debug|Any CPU.ActiveCfg = Debug|Any CPU
		{4AA014FD-60E6-471D-90B7-3F72C6756E83}.Debug|Any CPU.Build.0 = Debug|Any CPU
		{4AA014FD-60E6-471D-90B7-3F72C6756E83}.Debug|Mixed Platforms.ActiveCfg = Debug|x86
		{4AA014FD-60E6-471D-90B7-3F72C6756E83}.Debug|Mixed Platforms.Build.0 = Debug|x86
		{4AA014FD-60E6-471D-90B7-3F72C6756E83}.Debug|x64.ActiveCfg = Debug|Any CPU
		{4AA014FD-60E6-471D-90B7-3F72C6756E83}.Debug|x86.ActiveCfg = Debug|x86
		{4AA014FD-60E6-471D-90B7-3F72C6756E83}.Debug|x86.Build.0 = Debug|x86
		{4AA014FD-60E6-471D-90B7-3F72C6756E83}.Desenvolvimento|Any CPU.ActiveCfg = Desenvolvimento|Any CPU
		{4AA014FD-60E6-471D-90B7-3F72C6756E83}.Desenvolvimento|Any CPU.Build.0 = Desenvolvimento|Any CPU
		{4AA014FD-60E6-471D-90B7-3F72C6756E83}.Desenvolvimento|Mixed Platforms.ActiveCfg = Desenvolvimento|x86
		{4AA014FD-60E6-471D-90B7-3F72C6756E83}.Desenvolvimento|Mixed Platforms.Build.0 = Desenvolvimento|x86
		{4AA014FD-60E6-471D-90B7-3F72C6756E83}.Desenvolvimento|x64.ActiveCfg = Desenvolvimento|Any CPU
		{4AA014FD-60E6-471D-90B7-3F72C6756E83}.Desenvolvimento|x64.Build.0 = Desenvolvimento|Any CPU
		{4AA014FD-60E6-471D-90B7-3F72C6756E83}.Desenvolvimento|x86.ActiveCfg = Desenvolvimento|x86
		{4AA014FD-60E6-471D-90B7-3F72C6756E83}.Desenvolvimento|x86.Build.0 = Desenvolvimento|x86
		{4AA014FD-60E6-471D-90B7-3F72C6756E83}.Homologacao|Any CPU.ActiveCfg = Homologacao|Any CPU
		{4AA014FD-60E6-471D-90B7-3F72C6756E83}.Homologacao|Any CPU.Build.0 = Homologacao|Any CPU
		{4AA014FD-60E6-471D-90B7-3F72C6756E83}.Homologacao|Mixed Platforms.ActiveCfg = Homologacao|x86
		{4AA014FD-60E6-471D-90B7-3F72C6756E83}.Homologacao|Mixed Platforms.Build.0 = Homologacao|x86
		{4AA014FD-60E6-471D-90B7-3F72C6756E83}.Homologacao|x64.ActiveCfg = Homologacao|Any CPU
		{4AA014FD-60E6-471D-90B7-3F72C6756E83}.Homologacao|x64.Build.0 = Homologacao|Any CPU
		{4AA014FD-60E6-471D-90B7-3F72C6756E83}.Homologacao|x86.ActiveCfg = Homologacao|x86
		{4AA014FD-60E6-471D-90B7-3F72C6756E83}.Homologacao|x86.Build.0 = Homologacao|x86
		{4AA014FD-60E6-471D-90B7-3F72C6756E83}.Release|Any CPU.ActiveCfg = Release|Any CPU
		{4AA014FD-60E6-471D-90B7-3F72C6756E83}.Release|Any CPU.Build.0 = Release|Any CPU
		{4AA014FD-60E6-471D-90B7-3F72C6756E83}.Release|Mixed Platforms.ActiveCfg = Release|x86
		{4AA014FD-60E6-471D-90B7-3F72C6756E83}.Release|Mixed Platforms.Build.0 = Release|x86
		{4AA014FD-60E6-471D-90B7-3F72C6756E83}.Release|x64.ActiveCfg = Release|Any CPU
		{4AA014FD-60E6-471D-90B7-3F72C6756E83}.Release|x86.ActiveCfg = Release|x86
		{4AA014FD-60E6-471D-90B7-3F72C6756E83}.Release|x86.Build.0 = Release|x86
		{FB4D241D-D12F-421B-926E-DD182C966258}.Debug|Any CPU.ActiveCfg = Debug|Any CPU
		{FB4D241D-D12F-421B-926E-DD182C966258}.Debug|Any CPU.Build.0 = Debug|Any CPU
		{FB4D241D-D12F-421B-926E-DD182C966258}.Debug|Mixed Platforms.ActiveCfg = Debug|x64
		{FB4D241D-D12F-421B-926E-DD182C966258}.Debug|x64.ActiveCfg = Debug|x64
		{FB4D241D-D12F-421B-926E-DD182C966258}.Debug|x64.Build.0 = Debug|x64
		{FB4D241D-D12F-421B-926E-DD182C966258}.Debug|x86.ActiveCfg = Debug|x86
		{FB4D241D-D12F-421B-926E-DD182C966258}.Debug|x86.Build.0 = Debug|x86
		{FB4D241D-D12F-421B-926E-DD182C966258}.Desenvolvimento|Any CPU.ActiveCfg = Desenvolvimento|Any CPU
		{FB4D241D-D12F-421B-926E-DD182C966258}.Desenvolvimento|Mixed Platforms.ActiveCfg = Desenvolvimento|x86
		{FB4D241D-D12F-421B-926E-DD182C966258}.Desenvolvimento|Mixed Platforms.Build.0 = Desenvolvimento|x86
		{FB4D241D-D12F-421B-926E-DD182C966258}.Desenvolvimento|x64.ActiveCfg = Desenvolvimento|x64
		{FB4D241D-D12F-421B-926E-DD182C966258}.Desenvolvimento|x86.ActiveCfg = Desenvolvimento|x86
		{FB4D241D-D12F-421B-926E-DD182C966258}.Homologacao|Any CPU.ActiveCfg = Homologacao|Any CPU
		{FB4D241D-D12F-421B-926E-DD182C966258}.Homologacao|Mixed Platforms.ActiveCfg = Homologacao|x86
		{FB4D241D-D12F-421B-926E-DD182C966258}.Homologacao|Mixed Platforms.Build.0 = Homologacao|x86
		{FB4D241D-D12F-421B-926E-DD182C966258}.Homologacao|x64.ActiveCfg = Homologacao|x64
		{FB4D241D-D12F-421B-926E-DD182C966258}.Homologacao|x86.ActiveCfg = Homologacao|x86
		{FB4D241D-D12F-421B-926E-DD182C966258}.Release|Any CPU.ActiveCfg = Release|Any CPU
		{FB4D241D-D12F-421B-926E-DD182C966258}.Release|Any CPU.Build.0 = Release|Any CPU
		{FB4D241D-D12F-421B-926E-DD182C966258}.Release|Mixed Platforms.ActiveCfg = Release|x86
		{FB4D241D-D12F-421B-926E-DD182C966258}.Release|Mixed Platforms.Build.0 = Release|x86
		{FB4D241D-D12F-421B-926E-DD182C966258}.Release|x64.ActiveCfg = Release|x86
		{FB4D241D-D12F-421B-926E-DD182C966258}.Release|x64.Build.0 = Release|x86
		{FB4D241D-D12F-421B-926E-DD182C966258}.Release|x86.ActiveCfg = Release|x86
		{FB4D241D-D12F-421B-926E-DD182C966258}.Release|x86.Build.0 = Release|x86
		{32FC01CB-B0C9-4861-A66E-3333FAF889C7}.Debug|Any CPU.ActiveCfg = Debug|Any CPU
		{32FC01CB-B0C9-4861-A66E-3333FAF889C7}.Debug|Any CPU.Build.0 = Debug|Any CPU
		{32FC01CB-B0C9-4861-A66E-3333FAF889C7}.Debug|Mixed Platforms.ActiveCfg = Debug|x86
		{32FC01CB-B0C9-4861-A66E-3333FAF889C7}.Debug|x64.ActiveCfg = Debug|Any CPU
		{32FC01CB-B0C9-4861-A66E-3333FAF889C7}.Debug|x86.ActiveCfg = Debug|x86
		{32FC01CB-B0C9-4861-A66E-3333FAF889C7}.Debug|x86.Build.0 = Debug|x86
		{32FC01CB-B0C9-4861-A66E-3333FAF889C7}.Desenvolvimento|Any CPU.ActiveCfg = Desenvolvimento|Any CPU
		{32FC01CB-B0C9-4861-A66E-3333FAF889C7}.Desenvolvimento|Mixed Platforms.ActiveCfg = Desenvolvimento|x86
		{32FC01CB-B0C9-4861-A66E-3333FAF889C7}.Desenvolvimento|Mixed Platforms.Build.0 = Desenvolvimento|x86
		{32FC01CB-B0C9-4861-A66E-3333FAF889C7}.Desenvolvimento|x64.ActiveCfg = Desenvolvimento|Any CPU
		{32FC01CB-B0C9-4861-A66E-3333FAF889C7}.Desenvolvimento|x64.Build.0 = Desenvolvimento|Any CPU
		{32FC01CB-B0C9-4861-A66E-3333FAF889C7}.Desenvolvimento|x86.ActiveCfg = Desenvolvimento|x86
		{32FC01CB-B0C9-4861-A66E-3333FAF889C7}.Homologacao|Any CPU.ActiveCfg = Homologacao|Any CPU
		{32FC01CB-B0C9-4861-A66E-3333FAF889C7}.Homologacao|Mixed Platforms.ActiveCfg = Homologacao|x86
		{32FC01CB-B0C9-4861-A66E-3333FAF889C7}.Homologacao|Mixed Platforms.Build.0 = Homologacao|x86
		{32FC01CB-B0C9-4861-A66E-3333FAF889C7}.Homologacao|x64.ActiveCfg = Homologacao|Any CPU
		{32FC01CB-B0C9-4861-A66E-3333FAF889C7}.Homologacao|x64.Build.0 = Homologacao|Any CPU
		{32FC01CB-B0C9-4861-A66E-3333FAF889C7}.Homologacao|x86.ActiveCfg = Homologacao|x86
		{32FC01CB-B0C9-4861-A66E-3333FAF889C7}.Release|Any CPU.ActiveCfg = Release|Any CPU
		{32FC01CB-B0C9-4861-A66E-3333FAF889C7}.Release|Any CPU.Build.0 = Release|Any CPU
		{32FC01CB-B0C9-4861-A66E-3333FAF889C7}.Release|Mixed Platforms.ActiveCfg = Release|x86
		{32FC01CB-B0C9-4861-A66E-3333FAF889C7}.Release|Mixed Platforms.Build.0 = Release|x86
		{32FC01CB-B0C9-4861-A66E-3333FAF889C7}.Release|x64.ActiveCfg = Release|Any CPU
		{32FC01CB-B0C9-4861-A66E-3333FAF889C7}.Release|x86.ActiveCfg = Release|x86
		{32FC01CB-B0C9-4861-A66E-3333FAF889C7}.Release|x86.Build.0 = Release|x86
		{F691AE56-263F-4F5A-87B9-D4A4A43930AB}.Debug|Any CPU.ActiveCfg = Debug|Any CPU
		{F691AE56-263F-4F5A-87B9-D4A4A43930AB}.Debug|Any CPU.Build.0 = Debug|Any CPU
		{F691AE56-263F-4F5A-87B9-D4A4A43930AB}.Debug|Mixed Platforms.ActiveCfg = Debug|x86
		{F691AE56-263F-4F5A-87B9-D4A4A43930AB}.Debug|x64.ActiveCfg = Debug|Any CPU
		{F691AE56-263F-4F5A-87B9-D4A4A43930AB}.Debug|x86.ActiveCfg = Debug|x86
		{F691AE56-263F-4F5A-87B9-D4A4A43930AB}.Debug|x86.Build.0 = Debug|x86
		{F691AE56-263F-4F5A-87B9-D4A4A43930AB}.Desenvolvimento|Any CPU.ActiveCfg = Desenvolvimento|Any CPU
		{F691AE56-263F-4F5A-87B9-D4A4A43930AB}.Desenvolvimento|Mixed Platforms.ActiveCfg = Desenvolvimento|x86
		{F691AE56-263F-4F5A-87B9-D4A4A43930AB}.Desenvolvimento|Mixed Platforms.Build.0 = Desenvolvimento|x86
		{F691AE56-263F-4F5A-87B9-D4A4A43930AB}.Desenvolvimento|x64.ActiveCfg = Desenvolvimento|Any CPU
		{F691AE56-263F-4F5A-87B9-D4A4A43930AB}.Desenvolvimento|x64.Build.0 = Desenvolvimento|Any CPU
		{F691AE56-263F-4F5A-87B9-D4A4A43930AB}.Desenvolvimento|x86.ActiveCfg = Desenvolvimento|x86
		{F691AE56-263F-4F5A-87B9-D4A4A43930AB}.Homologacao|Any CPU.ActiveCfg = Homologacao|Any CPU
		{F691AE56-263F-4F5A-87B9-D4A4A43930AB}.Homologacao|Mixed Platforms.ActiveCfg = Homologacao|x86
		{F691AE56-263F-4F5A-87B9-D4A4A43930AB}.Homologacao|Mixed Platforms.Build.0 = Homologacao|x86
		{F691AE56-263F-4F5A-87B9-D4A4A43930AB}.Homologacao|x64.ActiveCfg = Homologacao|Any CPU
		{F691AE56-263F-4F5A-87B9-D4A4A43930AB}.Homologacao|x64.Build.0 = Homologacao|Any CPU
		{F691AE56-263F-4F5A-87B9-D4A4A43930AB}.Homologacao|x86.ActiveCfg = Homologacao|x86
		{F691AE56-263F-4F5A-87B9-D4A4A43930AB}.Release|Any CPU.ActiveCfg = Release|Any CPU
		{F691AE56-263F-4F5A-87B9-D4A4A43930AB}.Release|Any CPU.Build.0 = Release|Any CPU
		{F691AE56-263F-4F5A-87B9-D4A4A43930AB}.Release|Mixed Platforms.ActiveCfg = Release|x86
		{F691AE56-263F-4F5A-87B9-D4A4A43930AB}.Release|Mixed Platforms.Build.0 = Release|x86
		{F691AE56-263F-4F5A-87B9-D4A4A43930AB}.Release|x64.ActiveCfg = Release|Any CPU
		{F691AE56-263F-4F5A-87B9-D4A4A43930AB}.Release|x86.ActiveCfg = Release|x86
		{F691AE56-263F-4F5A-87B9-D4A4A43930AB}.Release|x86.Build.0 = Release|x86
		{05C2A7E9-ABBD-4CB8-9446-6C6A814E3B5F}.Debug|Any CPU.ActiveCfg = Debug|Any CPU
		{05C2A7E9-ABBD-4CB8-9446-6C6A814E3B5F}.Debug|Any CPU.Build.0 = Debug|Any CPU
		{05C2A7E9-ABBD-4CB8-9446-6C6A814E3B5F}.Debug|Mixed Platforms.ActiveCfg = Debug|Any CPU
		{05C2A7E9-ABBD-4CB8-9446-6C6A814E3B5F}.Debug|Mixed Platforms.Build.0 = Debug|Any CPU
		{05C2A7E9-ABBD-4CB8-9446-6C6A814E3B5F}.Debug|x64.ActiveCfg = Debug|Any CPU
		{05C2A7E9-ABBD-4CB8-9446-6C6A814E3B5F}.Debug|x86.ActiveCfg = Debug|Any CPU
		{05C2A7E9-ABBD-4CB8-9446-6C6A814E3B5F}.Desenvolvimento|Any CPU.ActiveCfg = Desenvolvimento|Any CPU
		{05C2A7E9-ABBD-4CB8-9446-6C6A814E3B5F}.Desenvolvimento|Any CPU.Build.0 = Desenvolvimento|Any CPU
		{05C2A7E9-ABBD-4CB8-9446-6C6A814E3B5F}.Desenvolvimento|Mixed Platforms.ActiveCfg = Desenvolvimento|Any CPU
		{05C2A7E9-ABBD-4CB8-9446-6C6A814E3B5F}.Desenvolvimento|Mixed Platforms.Build.0 = Desenvolvimento|Any CPU
		{05C2A7E9-ABBD-4CB8-9446-6C6A814E3B5F}.Desenvolvimento|x64.ActiveCfg = Desenvolvimento|Any CPU
		{05C2A7E9-ABBD-4CB8-9446-6C6A814E3B5F}.Desenvolvimento|x64.Build.0 = Desenvolvimento|Any CPU
		{05C2A7E9-ABBD-4CB8-9446-6C6A814E3B5F}.Desenvolvimento|x86.ActiveCfg = Desenvolvimento|Any CPU
		{05C2A7E9-ABBD-4CB8-9446-6C6A814E3B5F}.Desenvolvimento|x86.Build.0 = Desenvolvimento|Any CPU
		{05C2A7E9-ABBD-4CB8-9446-6C6A814E3B5F}.Homologacao|Any CPU.ActiveCfg = Homologacao|Any CPU
		{05C2A7E9-ABBD-4CB8-9446-6C6A814E3B5F}.Homologacao|Any CPU.Build.0 = Homologacao|Any CPU
		{05C2A7E9-ABBD-4CB8-9446-6C6A814E3B5F}.Homologacao|Mixed Platforms.ActiveCfg = Homologacao|Any CPU
		{05C2A7E9-ABBD-4CB8-9446-6C6A814E3B5F}.Homologacao|Mixed Platforms.Build.0 = Homologacao|Any CPU
		{05C2A7E9-ABBD-4CB8-9446-6C6A814E3B5F}.Homologacao|x64.ActiveCfg = Homologacao|Any CPU
		{05C2A7E9-ABBD-4CB8-9446-6C6A814E3B5F}.Homologacao|x64.Build.0 = Homologacao|Any CPU
		{05C2A7E9-ABBD-4CB8-9446-6C6A814E3B5F}.Homologacao|x86.ActiveCfg = Homologacao|Any CPU
		{05C2A7E9-ABBD-4CB8-9446-6C6A814E3B5F}.Homologacao|x86.Build.0 = Homologacao|Any CPU
		{05C2A7E9-ABBD-4CB8-9446-6C6A814E3B5F}.Release|Any CPU.ActiveCfg = Release|Any CPU
		{05C2A7E9-ABBD-4CB8-9446-6C6A814E3B5F}.Release|Any CPU.Build.0 = Release|Any CPU
		{05C2A7E9-ABBD-4CB8-9446-6C6A814E3B5F}.Release|Mixed Platforms.ActiveCfg = Release|Any CPU
		{05C2A7E9-ABBD-4CB8-9446-6C6A814E3B5F}.Release|Mixed Platforms.Build.0 = Release|Any CPU
		{05C2A7E9-ABBD-4CB8-9446-6C6A814E3B5F}.Release|x64.ActiveCfg = Release|Any CPU
		{05C2A7E9-ABBD-4CB8-9446-6C6A814E3B5F}.Release|x86.ActiveCfg = Release|Any CPU
		{737D66C4-B80E-4D10-93CF-E43C74A71E07}.Debug|Any CPU.ActiveCfg = Debug|Any CPU
		{737D66C4-B80E-4D10-93CF-E43C74A71E07}.Debug|Any CPU.Build.0 = Debug|Any CPU
		{737D66C4-B80E-4D10-93CF-E43C74A71E07}.Debug|Mixed Platforms.ActiveCfg = Debug|x86
		{737D66C4-B80E-4D10-93CF-E43C74A71E07}.Debug|Mixed Platforms.Build.0 = Debug|x86
		{737D66C4-B80E-4D10-93CF-E43C74A71E07}.Debug|x64.ActiveCfg = Debug|Any CPU
		{737D66C4-B80E-4D10-93CF-E43C74A71E07}.Debug|x86.ActiveCfg = Debug|x86
		{737D66C4-B80E-4D10-93CF-E43C74A71E07}.Debug|x86.Build.0 = Debug|x86
		{737D66C4-B80E-4D10-93CF-E43C74A71E07}.Desenvolvimento|Any CPU.ActiveCfg = Desenvolvimento|Any CPU
		{737D66C4-B80E-4D10-93CF-E43C74A71E07}.Desenvolvimento|Any CPU.Build.0 = Desenvolvimento|Any CPU
		{737D66C4-B80E-4D10-93CF-E43C74A71E07}.Desenvolvimento|Mixed Platforms.ActiveCfg = Desenvolvimento|x86
		{737D66C4-B80E-4D10-93CF-E43C74A71E07}.Desenvolvimento|Mixed Platforms.Build.0 = Desenvolvimento|x86
		{737D66C4-B80E-4D10-93CF-E43C74A71E07}.Desenvolvimento|x64.ActiveCfg = Desenvolvimento|Any CPU
		{737D66C4-B80E-4D10-93CF-E43C74A71E07}.Desenvolvimento|x64.Build.0 = Desenvolvimento|Any CPU
		{737D66C4-B80E-4D10-93CF-E43C74A71E07}.Desenvolvimento|x86.ActiveCfg = Desenvolvimento|x86
		{737D66C4-B80E-4D10-93CF-E43C74A71E07}.Desenvolvimento|x86.Build.0 = Desenvolvimento|x86
		{737D66C4-B80E-4D10-93CF-E43C74A71E07}.Homologacao|Any CPU.ActiveCfg = Homologacao|Any CPU
		{737D66C4-B80E-4D10-93CF-E43C74A71E07}.Homologacao|Any CPU.Build.0 = Homologacao|Any CPU
		{737D66C4-B80E-4D10-93CF-E43C74A71E07}.Homologacao|Mixed Platforms.ActiveCfg = Homologacao|x86
		{737D66C4-B80E-4D10-93CF-E43C74A71E07}.Homologacao|Mixed Platforms.Build.0 = Homologacao|x86
		{737D66C4-B80E-4D10-93CF-E43C74A71E07}.Homologacao|x64.ActiveCfg = Homologacao|Any CPU
		{737D66C4-B80E-4D10-93CF-E43C74A71E07}.Homologacao|x64.Build.0 = Homologacao|Any CPU
		{737D66C4-B80E-4D10-93CF-E43C74A71E07}.Homologacao|x86.ActiveCfg = Homologacao|x86
		{737D66C4-B80E-4D10-93CF-E43C74A71E07}.Homologacao|x86.Build.0 = Homologacao|x86
		{737D66C4-B80E-4D10-93CF-E43C74A71E07}.Release|Any CPU.ActiveCfg = Release|Any CPU
		{737D66C4-B80E-4D10-93CF-E43C74A71E07}.Release|Any CPU.Build.0 = Release|Any CPU
		{737D66C4-B80E-4D10-93CF-E43C74A71E07}.Release|Mixed Platforms.ActiveCfg = Release|x86
		{737D66C4-B80E-4D10-93CF-E43C74A71E07}.Release|Mixed Platforms.Build.0 = Release|x86
		{737D66C4-B80E-4D10-93CF-E43C74A71E07}.Release|x64.ActiveCfg = Release|Any CPU
		{737D66C4-B80E-4D10-93CF-E43C74A71E07}.Release|x86.ActiveCfg = Release|x86
		{737D66C4-B80E-4D10-93CF-E43C74A71E07}.Release|x86.Build.0 = Release|x86
		{3C745E92-BDA8-4779-A844-953EC36BDA7D}.Debug|Any CPU.ActiveCfg = Debug|Any CPU
		{3C745E92-BDA8-4779-A844-953EC36BDA7D}.Debug|Any CPU.Build.0 = Debug|Any CPU
		{3C745E92-BDA8-4779-A844-953EC36BDA7D}.Debug|Mixed Platforms.ActiveCfg = Debug|x86
		{3C745E92-BDA8-4779-A844-953EC36BDA7D}.Debug|Mixed Platforms.Build.0 = Debug|x86
		{3C745E92-BDA8-4779-A844-953EC36BDA7D}.Debug|x64.ActiveCfg = Debug|Any CPU
		{3C745E92-BDA8-4779-A844-953EC36BDA7D}.Debug|x86.ActiveCfg = Debug|x86
		{3C745E92-BDA8-4779-A844-953EC36BDA7D}.Debug|x86.Build.0 = Debug|x86
		{3C745E92-BDA8-4779-A844-953EC36BDA7D}.Desenvolvimento|Any CPU.ActiveCfg = Desenvolvimento|Any CPU
		{3C745E92-BDA8-4779-A844-953EC36BDA7D}.Desenvolvimento|Any CPU.Build.0 = Desenvolvimento|Any CPU
		{3C745E92-BDA8-4779-A844-953EC36BDA7D}.Desenvolvimento|Mixed Platforms.ActiveCfg = Desenvolvimento|x86
		{3C745E92-BDA8-4779-A844-953EC36BDA7D}.Desenvolvimento|Mixed Platforms.Build.0 = Desenvolvimento|x86
		{3C745E92-BDA8-4779-A844-953EC36BDA7D}.Desenvolvimento|x64.ActiveCfg = Desenvolvimento|Any CPU
		{3C745E92-BDA8-4779-A844-953EC36BDA7D}.Desenvolvimento|x64.Build.0 = Desenvolvimento|Any CPU
		{3C745E92-BDA8-4779-A844-953EC36BDA7D}.Desenvolvimento|x86.ActiveCfg = Desenvolvimento|x86
		{3C745E92-BDA8-4779-A844-953EC36BDA7D}.Desenvolvimento|x86.Build.0 = Desenvolvimento|x86
		{3C745E92-BDA8-4779-A844-953EC36BDA7D}.Homologacao|Any CPU.ActiveCfg = Homologacao|Any CPU
		{3C745E92-BDA8-4779-A844-953EC36BDA7D}.Homologacao|Any CPU.Build.0 = Homologacao|Any CPU
		{3C745E92-BDA8-4779-A844-953EC36BDA7D}.Homologacao|Mixed Platforms.ActiveCfg = Homologacao|x86
		{3C745E92-BDA8-4779-A844-953EC36BDA7D}.Homologacao|Mixed Platforms.Build.0 = Homologacao|x86
		{3C745E92-BDA8-4779-A844-953EC36BDA7D}.Homologacao|x64.ActiveCfg = Homologacao|Any CPU
		{3C745E92-BDA8-4779-A844-953EC36BDA7D}.Homologacao|x64.Build.0 = Homologacao|Any CPU
		{3C745E92-BDA8-4779-A844-953EC36BDA7D}.Homologacao|x86.ActiveCfg = Homologacao|x86
		{3C745E92-BDA8-4779-A844-953EC36BDA7D}.Homologacao|x86.Build.0 = Homologacao|x86
		{3C745E92-BDA8-4779-A844-953EC36BDA7D}.Release|Any CPU.ActiveCfg = Release|Any CPU
		{3C745E92-BDA8-4779-A844-953EC36BDA7D}.Release|Any CPU.Build.0 = Release|Any CPU
		{3C745E92-BDA8-4779-A844-953EC36BDA7D}.Release|Mixed Platforms.ActiveCfg = Release|x86
		{3C745E92-BDA8-4779-A844-953EC36BDA7D}.Release|Mixed Platforms.Build.0 = Release|x86
		{3C745E92-BDA8-4779-A844-953EC36BDA7D}.Release|x64.ActiveCfg = Release|Any CPU
		{3C745E92-BDA8-4779-A844-953EC36BDA7D}.Release|x86.ActiveCfg = Release|x86
		{3C745E92-BDA8-4779-A844-953EC36BDA7D}.Release|x86.Build.0 = Release|x86
		{7CAF538F-8A64-4023-8C72-1EF1C3764C23}.Debug|Any CPU.ActiveCfg = Debug|Any CPU
		{7CAF538F-8A64-4023-8C72-1EF1C3764C23}.Debug|Any CPU.Build.0 = Debug|Any CPU
		{7CAF538F-8A64-4023-8C72-1EF1C3764C23}.Debug|Mixed Platforms.ActiveCfg = Debug|x86
		{7CAF538F-8A64-4023-8C72-1EF1C3764C23}.Debug|x64.ActiveCfg = Debug|Any CPU
		{7CAF538F-8A64-4023-8C72-1EF1C3764C23}.Debug|x86.ActiveCfg = Debug|x86
		{7CAF538F-8A64-4023-8C72-1EF1C3764C23}.Debug|x86.Build.0 = Debug|x86
		{7CAF538F-8A64-4023-8C72-1EF1C3764C23}.Desenvolvimento|Any CPU.ActiveCfg = Desenvolvimento|Any CPU
		{7CAF538F-8A64-4023-8C72-1EF1C3764C23}.Desenvolvimento|Any CPU.Build.0 = Desenvolvimento|Any CPU
		{7CAF538F-8A64-4023-8C72-1EF1C3764C23}.Desenvolvimento|Mixed Platforms.ActiveCfg = Desenvolvimento|x86
		{7CAF538F-8A64-4023-8C72-1EF1C3764C23}.Desenvolvimento|Mixed Platforms.Build.0 = Desenvolvimento|x86
		{7CAF538F-8A64-4023-8C72-1EF1C3764C23}.Desenvolvimento|x64.ActiveCfg = Desenvolvimento|Any CPU
		{7CAF538F-8A64-4023-8C72-1EF1C3764C23}.Desenvolvimento|x64.Build.0 = Desenvolvimento|Any CPU
		{7CAF538F-8A64-4023-8C72-1EF1C3764C23}.Desenvolvimento|x86.ActiveCfg = Desenvolvimento|x86
		{7CAF538F-8A64-4023-8C72-1EF1C3764C23}.Desenvolvimento|x86.Build.0 = Desenvolvimento|x86
		{7CAF538F-8A64-4023-8C72-1EF1C3764C23}.Homologacao|Any CPU.ActiveCfg = Homologacao|Any CPU
		{7CAF538F-8A64-4023-8C72-1EF1C3764C23}.Homologacao|Any CPU.Build.0 = Homologacao|Any CPU
		{7CAF538F-8A64-4023-8C72-1EF1C3764C23}.Homologacao|Mixed Platforms.ActiveCfg = Homologacao|x86
		{7CAF538F-8A64-4023-8C72-1EF1C3764C23}.Homologacao|Mixed Platforms.Build.0 = Homologacao|x86
		{7CAF538F-8A64-4023-8C72-1EF1C3764C23}.Homologacao|x64.ActiveCfg = Homologacao|Any CPU
		{7CAF538F-8A64-4023-8C72-1EF1C3764C23}.Homologacao|x64.Build.0 = Homologacao|Any CPU
		{7CAF538F-8A64-4023-8C72-1EF1C3764C23}.Homologacao|x86.ActiveCfg = Homologacao|x86
		{7CAF538F-8A64-4023-8C72-1EF1C3764C23}.Homologacao|x86.Build.0 = Homologacao|x86
		{7CAF538F-8A64-4023-8C72-1EF1C3764C23}.Release|Any CPU.ActiveCfg = Release|Any CPU
		{7CAF538F-8A64-4023-8C72-1EF1C3764C23}.Release|Any CPU.Build.0 = Release|Any CPU
		{7CAF538F-8A64-4023-8C72-1EF1C3764C23}.Release|Mixed Platforms.ActiveCfg = Release|Any CPU
		{7CAF538F-8A64-4023-8C72-1EF1C3764C23}.Release|Mixed Platforms.Build.0 = Release|Any CPU
		{7CAF538F-8A64-4023-8C72-1EF1C3764C23}.Release|x64.ActiveCfg = Release|Any CPU
		{7CAF538F-8A64-4023-8C72-1EF1C3764C23}.Release|x86.ActiveCfg = Release|x86
		{7CAF538F-8A64-4023-8C72-1EF1C3764C23}.Release|x86.Build.0 = Release|x86
		{074A99D1-E914-46BC-8CDD-053A859EC644}.Debug|Any CPU.ActiveCfg = Debug|Any CPU
		{074A99D1-E914-46BC-8CDD-053A859EC644}.Debug|Any CPU.Build.0 = Debug|Any CPU
		{074A99D1-E914-46BC-8CDD-053A859EC644}.Debug|Mixed Platforms.ActiveCfg = Debug|Any CPU
		{074A99D1-E914-46BC-8CDD-053A859EC644}.Debug|Mixed Platforms.Build.0 = Debug|Any CPU
		{074A99D1-E914-46BC-8CDD-053A859EC644}.Debug|x64.ActiveCfg = Debug|Any CPU
		{074A99D1-E914-46BC-8CDD-053A859EC644}.Debug|x86.ActiveCfg = Debug|Any CPU
		{074A99D1-E914-46BC-8CDD-053A859EC644}.Desenvolvimento|Any CPU.ActiveCfg = Desenvolvimento|Any CPU
		{074A99D1-E914-46BC-8CDD-053A859EC644}.Desenvolvimento|Any CPU.Build.0 = Desenvolvimento|Any CPU
		{074A99D1-E914-46BC-8CDD-053A859EC644}.Desenvolvimento|Mixed Platforms.ActiveCfg = Desenvolvimento|Any CPU
		{074A99D1-E914-46BC-8CDD-053A859EC644}.Desenvolvimento|Mixed Platforms.Build.0 = Desenvolvimento|Any CPU
		{074A99D1-E914-46BC-8CDD-053A859EC644}.Desenvolvimento|x64.ActiveCfg = Desenvolvimento|Any CPU
		{074A99D1-E914-46BC-8CDD-053A859EC644}.Desenvolvimento|x64.Build.0 = Desenvolvimento|Any CPU
		{074A99D1-E914-46BC-8CDD-053A859EC644}.Desenvolvimento|x86.ActiveCfg = Desenvolvimento|Any CPU
		{074A99D1-E914-46BC-8CDD-053A859EC644}.Desenvolvimento|x86.Build.0 = Desenvolvimento|Any CPU
		{074A99D1-E914-46BC-8CDD-053A859EC644}.Homologacao|Any CPU.ActiveCfg = Homologacao|Any CPU
		{074A99D1-E914-46BC-8CDD-053A859EC644}.Homologacao|Any CPU.Build.0 = Homologacao|Any CPU
		{074A99D1-E914-46BC-8CDD-053A859EC644}.Homologacao|Mixed Platforms.ActiveCfg = Homologacao|Any CPU
		{074A99D1-E914-46BC-8CDD-053A859EC644}.Homologacao|Mixed Platforms.Build.0 = Homologacao|Any CPU
		{074A99D1-E914-46BC-8CDD-053A859EC644}.Homologacao|x64.ActiveCfg = Homologacao|Any CPU
		{074A99D1-E914-46BC-8CDD-053A859EC644}.Homologacao|x64.Build.0 = Homologacao|Any CPU
		{074A99D1-E914-46BC-8CDD-053A859EC644}.Homologacao|x86.ActiveCfg = Homologacao|Any CPU
		{074A99D1-E914-46BC-8CDD-053A859EC644}.Homologacao|x86.Build.0 = Homologacao|Any CPU
		{074A99D1-E914-46BC-8CDD-053A859EC644}.Release|Any CPU.ActiveCfg = Release|Any CPU
		{074A99D1-E914-46BC-8CDD-053A859EC644}.Release|Any CPU.Build.0 = Release|Any CPU
		{074A99D1-E914-46BC-8CDD-053A859EC644}.Release|Mixed Platforms.ActiveCfg = Release|Any CPU
		{074A99D1-E914-46BC-8CDD-053A859EC644}.Release|Mixed Platforms.Build.0 = Release|Any CPU
		{074A99D1-E914-46BC-8CDD-053A859EC644}.Release|x64.ActiveCfg = Release|Any CPU
		{074A99D1-E914-46BC-8CDD-053A859EC644}.Release|x86.ActiveCfg = Release|Any CPU
		{F998A351-F518-42FE-B785-4CF6B4D4EEC7}.Debug|Any CPU.ActiveCfg = Debug|Any CPU
		{F998A351-F518-42FE-B785-4CF6B4D4EEC7}.Debug|Any CPU.Build.0 = Debug|Any CPU
		{F998A351-F518-42FE-B785-4CF6B4D4EEC7}.Debug|Mixed Platforms.ActiveCfg = Debug|x86
		{F998A351-F518-42FE-B785-4CF6B4D4EEC7}.Debug|Mixed Platforms.Build.0 = Debug|x86
		{F998A351-F518-42FE-B785-4CF6B4D4EEC7}.Debug|x64.ActiveCfg = Debug|Any CPU
		{F998A351-F518-42FE-B785-4CF6B4D4EEC7}.Debug|x86.ActiveCfg = Debug|x86
		{F998A351-F518-42FE-B785-4CF6B4D4EEC7}.Debug|x86.Build.0 = Debug|x86
		{F998A351-F518-42FE-B785-4CF6B4D4EEC7}.Desenvolvimento|Any CPU.ActiveCfg = Desenvolvimento|Any CPU
		{F998A351-F518-42FE-B785-4CF6B4D4EEC7}.Desenvolvimento|Any CPU.Build.0 = Desenvolvimento|Any CPU
		{F998A351-F518-42FE-B785-4CF6B4D4EEC7}.Desenvolvimento|Mixed Platforms.ActiveCfg = Desenvolvimento|x86
		{F998A351-F518-42FE-B785-4CF6B4D4EEC7}.Desenvolvimento|Mixed Platforms.Build.0 = Desenvolvimento|x86
		{F998A351-F518-42FE-B785-4CF6B4D4EEC7}.Desenvolvimento|x64.ActiveCfg = Desenvolvimento|Any CPU
		{F998A351-F518-42FE-B785-4CF6B4D4EEC7}.Desenvolvimento|x64.Build.0 = Desenvolvimento|Any CPU
		{F998A351-F518-42FE-B785-4CF6B4D4EEC7}.Desenvolvimento|x86.ActiveCfg = Desenvolvimento|x86
		{F998A351-F518-42FE-B785-4CF6B4D4EEC7}.Desenvolvimento|x86.Build.0 = Desenvolvimento|x86
		{F998A351-F518-42FE-B785-4CF6B4D4EEC7}.Homologacao|Any CPU.ActiveCfg = Homologacao|Any CPU
		{F998A351-F518-42FE-B785-4CF6B4D4EEC7}.Homologacao|Any CPU.Build.0 = Homologacao|Any CPU
		{F998A351-F518-42FE-B785-4CF6B4D4EEC7}.Homologacao|Mixed Platforms.ActiveCfg = Homologacao|x86
		{F998A351-F518-42FE-B785-4CF6B4D4EEC7}.Homologacao|Mixed Platforms.Build.0 = Homologacao|x86
		{F998A351-F518-42FE-B785-4CF6B4D4EEC7}.Homologacao|x64.ActiveCfg = Homologacao|Any CPU
		{F998A351-F518-42FE-B785-4CF6B4D4EEC7}.Homologacao|x64.Build.0 = Homologacao|Any CPU
		{F998A351-F518-42FE-B785-4CF6B4D4EEC7}.Homologacao|x86.ActiveCfg = Homologacao|x86
		{F998A351-F518-42FE-B785-4CF6B4D4EEC7}.Homologacao|x86.Build.0 = Homologacao|x86
		{F998A351-F518-42FE-B785-4CF6B4D4EEC7}.Release|Any CPU.ActiveCfg = Release|Any CPU
		{F998A351-F518-42FE-B785-4CF6B4D4EEC7}.Release|Any CPU.Build.0 = Release|Any CPU
		{F998A351-F518-42FE-B785-4CF6B4D4EEC7}.Release|Mixed Platforms.ActiveCfg = Release|x86
		{F998A351-F518-42FE-B785-4CF6B4D4EEC7}.Release|Mixed Platforms.Build.0 = Release|x86
		{F998A351-F518-42FE-B785-4CF6B4D4EEC7}.Release|x64.ActiveCfg = Release|Any CPU
		{F998A351-F518-42FE-B785-4CF6B4D4EEC7}.Release|x86.ActiveCfg = Release|x86
		{F998A351-F518-42FE-B785-4CF6B4D4EEC7}.Release|x86.Build.0 = Release|x86
		{106AC139-4C19-4A8C-857B-91CDDDC2CD31}.Debug|Any CPU.ActiveCfg = Debug|Any CPU
		{106AC139-4C19-4A8C-857B-91CDDDC2CD31}.Debug|Any CPU.Build.0 = Debug|Any CPU
		{106AC139-4C19-4A8C-857B-91CDDDC2CD31}.Debug|Mixed Platforms.ActiveCfg = Debug|x86
		{106AC139-4C19-4A8C-857B-91CDDDC2CD31}.Debug|Mixed Platforms.Build.0 = Debug|x86
		{106AC139-4C19-4A8C-857B-91CDDDC2CD31}.Debug|x64.ActiveCfg = Debug|Any CPU
		{106AC139-4C19-4A8C-857B-91CDDDC2CD31}.Debug|x86.ActiveCfg = Debug|x86
		{106AC139-4C19-4A8C-857B-91CDDDC2CD31}.Debug|x86.Build.0 = Debug|x86
		{106AC139-4C19-4A8C-857B-91CDDDC2CD31}.Desenvolvimento|Any CPU.ActiveCfg = Desenvolvimento|Any CPU
		{106AC139-4C19-4A8C-857B-91CDDDC2CD31}.Desenvolvimento|Any CPU.Build.0 = Desenvolvimento|Any CPU
		{106AC139-4C19-4A8C-857B-91CDDDC2CD31}.Desenvolvimento|Mixed Platforms.ActiveCfg = Desenvolvimento|x86
		{106AC139-4C19-4A8C-857B-91CDDDC2CD31}.Desenvolvimento|Mixed Platforms.Build.0 = Desenvolvimento|x86
		{106AC139-4C19-4A8C-857B-91CDDDC2CD31}.Desenvolvimento|x64.ActiveCfg = Desenvolvimento|Any CPU
		{106AC139-4C19-4A8C-857B-91CDDDC2CD31}.Desenvolvimento|x64.Build.0 = Desenvolvimento|Any CPU
		{106AC139-4C19-4A8C-857B-91CDDDC2CD31}.Desenvolvimento|x86.ActiveCfg = Desenvolvimento|x86
		{106AC139-4C19-4A8C-857B-91CDDDC2CD31}.Desenvolvimento|x86.Build.0 = Desenvolvimento|x86
		{106AC139-4C19-4A8C-857B-91CDDDC2CD31}.Homologacao|Any CPU.ActiveCfg = Homologacao|Any CPU
		{106AC139-4C19-4A8C-857B-91CDDDC2CD31}.Homologacao|Any CPU.Build.0 = Homologacao|Any CPU
		{106AC139-4C19-4A8C-857B-91CDDDC2CD31}.Homologacao|Mixed Platforms.ActiveCfg = Homologacao|x86
		{106AC139-4C19-4A8C-857B-91CDDDC2CD31}.Homologacao|Mixed Platforms.Build.0 = Homologacao|x86
		{106AC139-4C19-4A8C-857B-91CDDDC2CD31}.Homologacao|x64.ActiveCfg = Homologacao|Any CPU
		{106AC139-4C19-4A8C-857B-91CDDDC2CD31}.Homologacao|x64.Build.0 = Homologacao|Any CPU
		{106AC139-4C19-4A8C-857B-91CDDDC2CD31}.Homologacao|x86.ActiveCfg = Homologacao|x86
		{106AC139-4C19-4A8C-857B-91CDDDC2CD31}.Homologacao|x86.Build.0 = Homologacao|x86
		{106AC139-4C19-4A8C-857B-91CDDDC2CD31}.Release|Any CPU.ActiveCfg = Release|Any CPU
		{106AC139-4C19-4A8C-857B-91CDDDC2CD31}.Release|Any CPU.Build.0 = Release|Any CPU
		{106AC139-4C19-4A8C-857B-91CDDDC2CD31}.Release|Mixed Platforms.ActiveCfg = Release|x86
		{106AC139-4C19-4A8C-857B-91CDDDC2CD31}.Release|Mixed Platforms.Build.0 = Release|x86
		{106AC139-4C19-4A8C-857B-91CDDDC2CD31}.Release|x64.ActiveCfg = Release|Any CPU
		{106AC139-4C19-4A8C-857B-91CDDDC2CD31}.Release|x86.ActiveCfg = Release|x86
		{106AC139-4C19-4A8C-857B-91CDDDC2CD31}.Release|x86.Build.0 = Release|x86
		{2349E863-A386-4C8D-9504-835E5A3D1156}.Debug|Any CPU.ActiveCfg = Debug|Any CPU
		{2349E863-A386-4C8D-9504-835E5A3D1156}.Debug|Any CPU.Build.0 = Debug|Any CPU
		{2349E863-A386-4C8D-9504-835E5A3D1156}.Debug|Mixed Platforms.ActiveCfg = Debug|x86
		{2349E863-A386-4C8D-9504-835E5A3D1156}.Debug|Mixed Platforms.Build.0 = Debug|x86
		{2349E863-A386-4C8D-9504-835E5A3D1156}.Debug|x64.ActiveCfg = Debug|Any CPU
		{2349E863-A386-4C8D-9504-835E5A3D1156}.Debug|x86.ActiveCfg = Debug|x86
		{2349E863-A386-4C8D-9504-835E5A3D1156}.Debug|x86.Build.0 = Debug|x86
		{2349E863-A386-4C8D-9504-835E5A3D1156}.Desenvolvimento|Any CPU.ActiveCfg = Desenvolvimento|Any CPU
		{2349E863-A386-4C8D-9504-835E5A3D1156}.Desenvolvimento|Any CPU.Build.0 = Desenvolvimento|Any CPU
		{2349E863-A386-4C8D-9504-835E5A3D1156}.Desenvolvimento|Mixed Platforms.ActiveCfg = Desenvolvimento|x86
		{2349E863-A386-4C8D-9504-835E5A3D1156}.Desenvolvimento|Mixed Platforms.Build.0 = Desenvolvimento|x86
		{2349E863-A386-4C8D-9504-835E5A3D1156}.Desenvolvimento|x64.ActiveCfg = Desenvolvimento|Any CPU
		{2349E863-A386-4C8D-9504-835E5A3D1156}.Desenvolvimento|x64.Build.0 = Desenvolvimento|Any CPU
		{2349E863-A386-4C8D-9504-835E5A3D1156}.Desenvolvimento|x86.ActiveCfg = Desenvolvimento|x86
		{2349E863-A386-4C8D-9504-835E5A3D1156}.Desenvolvimento|x86.Build.0 = Desenvolvimento|x86
		{2349E863-A386-4C8D-9504-835E5A3D1156}.Homologacao|Any CPU.ActiveCfg = Homologacao|Any CPU
		{2349E863-A386-4C8D-9504-835E5A3D1156}.Homologacao|Any CPU.Build.0 = Homologacao|Any CPU
		{2349E863-A386-4C8D-9504-835E5A3D1156}.Homologacao|Mixed Platforms.ActiveCfg = Homologacao|x86
		{2349E863-A386-4C8D-9504-835E5A3D1156}.Homologacao|Mixed Platforms.Build.0 = Homologacao|x86
		{2349E863-A386-4C8D-9504-835E5A3D1156}.Homologacao|x64.ActiveCfg = Homologacao|Any CPU
		{2349E863-A386-4C8D-9504-835E5A3D1156}.Homologacao|x64.Build.0 = Homologacao|Any CPU
		{2349E863-A386-4C8D-9504-835E5A3D1156}.Homologacao|x86.ActiveCfg = Homologacao|x86
		{2349E863-A386-4C8D-9504-835E5A3D1156}.Homologacao|x86.Build.0 = Homologacao|x86
		{2349E863-A386-4C8D-9504-835E5A3D1156}.Release|Any CPU.ActiveCfg = Release|Any CPU
		{2349E863-A386-4C8D-9504-835E5A3D1156}.Release|Any CPU.Build.0 = Release|Any CPU
		{2349E863-A386-4C8D-9504-835E5A3D1156}.Release|Mixed Platforms.ActiveCfg = Release|x86
		{2349E863-A386-4C8D-9504-835E5A3D1156}.Release|Mixed Platforms.Build.0 = Release|x86
		{2349E863-A386-4C8D-9504-835E5A3D1156}.Release|x64.ActiveCfg = Release|Any CPU
		{2349E863-A386-4C8D-9504-835E5A3D1156}.Release|x86.ActiveCfg = Release|x86
		{2349E863-A386-4C8D-9504-835E5A3D1156}.Release|x86.Build.0 = Release|x86
		{4CC34E41-87CC-4A93-9F28-D97DADC13F9A}.Debug|Any CPU.ActiveCfg = Debug|Any CPU
		{4CC34E41-87CC-4A93-9F28-D97DADC13F9A}.Debug|Any CPU.Build.0 = Debug|Any CPU
		{4CC34E41-87CC-4A93-9F28-D97DADC13F9A}.Debug|Mixed Platforms.ActiveCfg = Debug|x86
		{4CC34E41-87CC-4A93-9F28-D97DADC13F9A}.Debug|Mixed Platforms.Build.0 = Debug|x86
		{4CC34E41-87CC-4A93-9F28-D97DADC13F9A}.Debug|x64.ActiveCfg = Debug|x64
		{4CC34E41-87CC-4A93-9F28-D97DADC13F9A}.Debug|x64.Build.0 = Debug|x64
		{4CC34E41-87CC-4A93-9F28-D97DADC13F9A}.Debug|x86.ActiveCfg = Debug|x86
		{4CC34E41-87CC-4A93-9F28-D97DADC13F9A}.Debug|x86.Build.0 = Debug|x86
		{4CC34E41-87CC-4A93-9F28-D97DADC13F9A}.Desenvolvimento|Any CPU.ActiveCfg = Desenvolvimento|Any CPU
		{4CC34E41-87CC-4A93-9F28-D97DADC13F9A}.Desenvolvimento|Any CPU.Build.0 = Desenvolvimento|Any CPU
		{4CC34E41-87CC-4A93-9F28-D97DADC13F9A}.Desenvolvimento|Mixed Platforms.ActiveCfg = Desenvolvimento|x86
		{4CC34E41-87CC-4A93-9F28-D97DADC13F9A}.Desenvolvimento|Mixed Platforms.Build.0 = Desenvolvimento|x86
		{4CC34E41-87CC-4A93-9F28-D97DADC13F9A}.Desenvolvimento|x64.ActiveCfg = Desenvolvimento|x64
		{4CC34E41-87CC-4A93-9F28-D97DADC13F9A}.Desenvolvimento|x64.Build.0 = Desenvolvimento|x64
		{4CC34E41-87CC-4A93-9F28-D97DADC13F9A}.Desenvolvimento|x86.ActiveCfg = Desenvolvimento|x86
		{4CC34E41-87CC-4A93-9F28-D97DADC13F9A}.Desenvolvimento|x86.Build.0 = Desenvolvimento|x86
		{4CC34E41-87CC-4A93-9F28-D97DADC13F9A}.Homologacao|Any CPU.ActiveCfg = Homologacao|Any CPU
		{4CC34E41-87CC-4A93-9F28-D97DADC13F9A}.Homologacao|Any CPU.Build.0 = Homologacao|Any CPU
		{4CC34E41-87CC-4A93-9F28-D97DADC13F9A}.Homologacao|Mixed Platforms.ActiveCfg = Homologacao|x86
		{4CC34E41-87CC-4A93-9F28-D97DADC13F9A}.Homologacao|Mixed Platforms.Build.0 = Homologacao|x86
		{4CC34E41-87CC-4A93-9F28-D97DADC13F9A}.Homologacao|x64.ActiveCfg = Homologacao|x64
		{4CC34E41-87CC-4A93-9F28-D97DADC13F9A}.Homologacao|x64.Build.0 = Homologacao|x64
		{4CC34E41-87CC-4A93-9F28-D97DADC13F9A}.Homologacao|x86.ActiveCfg = Homologacao|x86
		{4CC34E41-87CC-4A93-9F28-D97DADC13F9A}.Homologacao|x86.Build.0 = Homologacao|x86
		{4CC34E41-87CC-4A93-9F28-D97DADC13F9A}.Release|Any CPU.ActiveCfg = Release|Any CPU
		{4CC34E41-87CC-4A93-9F28-D97DADC13F9A}.Release|Any CPU.Build.0 = Release|Any CPU
		{4CC34E41-87CC-4A93-9F28-D97DADC13F9A}.Release|Mixed Platforms.ActiveCfg = Release|x86
		{4CC34E41-87CC-4A93-9F28-D97DADC13F9A}.Release|Mixed Platforms.Build.0 = Release|x86
		{4CC34E41-87CC-4A93-9F28-D97DADC13F9A}.Release|x64.ActiveCfg = Release|x64
		{4CC34E41-87CC-4A93-9F28-D97DADC13F9A}.Release|x64.Build.0 = Release|x64
		{4CC34E41-87CC-4A93-9F28-D97DADC13F9A}.Release|x86.ActiveCfg = Release|x86
		{4CC34E41-87CC-4A93-9F28-D97DADC13F9A}.Release|x86.Build.0 = Release|x86
		{D9F6562A-C53E-4658-892C-E6E608D8453D}.Debug|Any CPU.ActiveCfg = Debug
		{D9F6562A-C53E-4658-892C-E6E608D8453D}.Debug|Any CPU.Build.0 = Debug
		{D9F6562A-C53E-4658-892C-E6E608D8453D}.Debug|Mixed Platforms.ActiveCfg = Debug
		{D9F6562A-C53E-4658-892C-E6E608D8453D}.Debug|Mixed Platforms.Build.0 = Debug
		{D9F6562A-C53E-4658-892C-E6E608D8453D}.Debug|x64.ActiveCfg = Debug
		{D9F6562A-C53E-4658-892C-E6E608D8453D}.Debug|x64.Build.0 = Debug
		{D9F6562A-C53E-4658-892C-E6E608D8453D}.Debug|x86.ActiveCfg = Debug
		{D9F6562A-C53E-4658-892C-E6E608D8453D}.Debug|x86.Build.0 = Debug
		{D9F6562A-C53E-4658-892C-E6E608D8453D}.Desenvolvimento|Any CPU.ActiveCfg = Debug
		{D9F6562A-C53E-4658-892C-E6E608D8453D}.Desenvolvimento|Any CPU.Build.0 = Debug
		{D9F6562A-C53E-4658-892C-E6E608D8453D}.Desenvolvimento|Mixed Platforms.ActiveCfg = Debug
		{D9F6562A-C53E-4658-892C-E6E608D8453D}.Desenvolvimento|Mixed Platforms.Build.0 = Debug
		{D9F6562A-C53E-4658-892C-E6E608D8453D}.Desenvolvimento|x64.ActiveCfg = Debug
		{D9F6562A-C53E-4658-892C-E6E608D8453D}.Desenvolvimento|x64.Build.0 = Debug
		{D9F6562A-C53E-4658-892C-E6E608D8453D}.Desenvolvimento|x86.ActiveCfg = Debug
		{D9F6562A-C53E-4658-892C-E6E608D8453D}.Desenvolvimento|x86.Build.0 = Debug
		{D9F6562A-C53E-4658-892C-E6E608D8453D}.Homologacao|Any CPU.ActiveCfg = Release
		{D9F6562A-C53E-4658-892C-E6E608D8453D}.Homologacao|Any CPU.Build.0 = Release
		{D9F6562A-C53E-4658-892C-E6E608D8453D}.Homologacao|Mixed Platforms.ActiveCfg = Release
		{D9F6562A-C53E-4658-892C-E6E608D8453D}.Homologacao|Mixed Platforms.Build.0 = Release
		{D9F6562A-C53E-4658-892C-E6E608D8453D}.Homologacao|x64.ActiveCfg = Release
		{D9F6562A-C53E-4658-892C-E6E608D8453D}.Homologacao|x64.Build.0 = Release
		{D9F6562A-C53E-4658-892C-E6E608D8453D}.Homologacao|x86.ActiveCfg = Release
		{D9F6562A-C53E-4658-892C-E6E608D8453D}.Homologacao|x86.Build.0 = Release
		{D9F6562A-C53E-4658-892C-E6E608D8453D}.Release|Any CPU.ActiveCfg = Release
		{D9F6562A-C53E-4658-892C-E6E608D8453D}.Release|Any CPU.Build.0 = Release
		{D9F6562A-C53E-4658-892C-E6E608D8453D}.Release|Mixed Platforms.ActiveCfg = Release
		{D9F6562A-C53E-4658-892C-E6E608D8453D}.Release|Mixed Platforms.Build.0 = Release
		{D9F6562A-C53E-4658-892C-E6E608D8453D}.Release|x64.ActiveCfg = Release
		{D9F6562A-C53E-4658-892C-E6E608D8453D}.Release|x64.Build.0 = Release
		{D9F6562A-C53E-4658-892C-E6E608D8453D}.Release|x86.ActiveCfg = Release
		{D9F6562A-C53E-4658-892C-E6E608D8453D}.Release|x86.Build.0 = Release
		{23B1C8F7-6EFA-42B0-B36B-C18B1A397EDC}.Debug|Any CPU.ActiveCfg = Debug|Any CPU
		{23B1C8F7-6EFA-42B0-B36B-C18B1A397EDC}.Debug|Any CPU.Build.0 = Debug|Any CPU
		{23B1C8F7-6EFA-42B0-B36B-C18B1A397EDC}.Debug|Mixed Platforms.ActiveCfg = Debug|Any CPU
		{23B1C8F7-6EFA-42B0-B36B-C18B1A397EDC}.Debug|Mixed Platforms.Build.0 = Debug|Any CPU
		{23B1C8F7-6EFA-42B0-B36B-C18B1A397EDC}.Debug|x64.ActiveCfg = Debug|Any CPU
		{23B1C8F7-6EFA-42B0-B36B-C18B1A397EDC}.Debug|x86.ActiveCfg = Debug|Any CPU
		{23B1C8F7-6EFA-42B0-B36B-C18B1A397EDC}.Desenvolvimento|Any CPU.ActiveCfg = Desenvolvimento|Any CPU
		{23B1C8F7-6EFA-42B0-B36B-C18B1A397EDC}.Desenvolvimento|Any CPU.Build.0 = Desenvolvimento|Any CPU
		{23B1C8F7-6EFA-42B0-B36B-C18B1A397EDC}.Desenvolvimento|Mixed Platforms.ActiveCfg = Desenvolvimento|Any CPU
		{23B1C8F7-6EFA-42B0-B36B-C18B1A397EDC}.Desenvolvimento|Mixed Platforms.Build.0 = Desenvolvimento|Any CPU
		{23B1C8F7-6EFA-42B0-B36B-C18B1A397EDC}.Desenvolvimento|x64.ActiveCfg = Desenvolvimento|Any CPU
		{23B1C8F7-6EFA-42B0-B36B-C18B1A397EDC}.Desenvolvimento|x64.Build.0 = Desenvolvimento|Any CPU
		{23B1C8F7-6EFA-42B0-B36B-C18B1A397EDC}.Desenvolvimento|x86.ActiveCfg = Desenvolvimento|Any CPU
		{23B1C8F7-6EFA-42B0-B36B-C18B1A397EDC}.Desenvolvimento|x86.Build.0 = Desenvolvimento|Any CPU
		{23B1C8F7-6EFA-42B0-B36B-C18B1A397EDC}.Homologacao|Any CPU.ActiveCfg = Homologacao|Any CPU
		{23B1C8F7-6EFA-42B0-B36B-C18B1A397EDC}.Homologacao|Any CPU.Build.0 = Homologacao|Any CPU
		{23B1C8F7-6EFA-42B0-B36B-C18B1A397EDC}.Homologacao|Mixed Platforms.ActiveCfg = Homologacao|Any CPU
		{23B1C8F7-6EFA-42B0-B36B-C18B1A397EDC}.Homologacao|Mixed Platforms.Build.0 = Homologacao|Any CPU
		{23B1C8F7-6EFA-42B0-B36B-C18B1A397EDC}.Homologacao|x64.ActiveCfg = Homologacao|Any CPU
		{23B1C8F7-6EFA-42B0-B36B-C18B1A397EDC}.Homologacao|x64.Build.0 = Homologacao|Any CPU
		{23B1C8F7-6EFA-42B0-B36B-C18B1A397EDC}.Homologacao|x86.ActiveCfg = Homologacao|Any CPU
		{23B1C8F7-6EFA-42B0-B36B-C18B1A397EDC}.Homologacao|x86.Build.0 = Homologacao|Any CPU
		{23B1C8F7-6EFA-42B0-B36B-C18B1A397EDC}.Release|Any CPU.ActiveCfg = Release|Any CPU
		{23B1C8F7-6EFA-42B0-B36B-C18B1A397EDC}.Release|Any CPU.Build.0 = Release|Any CPU
		{23B1C8F7-6EFA-42B0-B36B-C18B1A397EDC}.Release|Mixed Platforms.ActiveCfg = Release|Any CPU
		{23B1C8F7-6EFA-42B0-B36B-C18B1A397EDC}.Release|Mixed Platforms.Build.0 = Release|Any CPU
		{23B1C8F7-6EFA-42B0-B36B-C18B1A397EDC}.Release|x64.ActiveCfg = Release|Any CPU
		{23B1C8F7-6EFA-42B0-B36B-C18B1A397EDC}.Release|x86.ActiveCfg = Release|Any CPU
		{8CB98491-9EFD-400F-80CD-5A9884FC3A0B}.Debug|Any CPU.ActiveCfg = Debug|Any CPU
		{8CB98491-9EFD-400F-80CD-5A9884FC3A0B}.Debug|Any CPU.Build.0 = Debug|Any CPU
		{8CB98491-9EFD-400F-80CD-5A9884FC3A0B}.Debug|Mixed Platforms.ActiveCfg = Debug|Any CPU
		{8CB98491-9EFD-400F-80CD-5A9884FC3A0B}.Debug|Mixed Platforms.Build.0 = Debug|Any CPU
		{8CB98491-9EFD-400F-80CD-5A9884FC3A0B}.Debug|x64.ActiveCfg = Debug|Any CPU
		{8CB98491-9EFD-400F-80CD-5A9884FC3A0B}.Debug|x86.ActiveCfg = Debug|Any CPU
		{8CB98491-9EFD-400F-80CD-5A9884FC3A0B}.Desenvolvimento|Any CPU.ActiveCfg = Desenvolvimento|Any CPU
		{8CB98491-9EFD-400F-80CD-5A9884FC3A0B}.Desenvolvimento|Any CPU.Build.0 = Desenvolvimento|Any CPU
		{8CB98491-9EFD-400F-80CD-5A9884FC3A0B}.Desenvolvimento|Mixed Platforms.ActiveCfg = Desenvolvimento|Any CPU
		{8CB98491-9EFD-400F-80CD-5A9884FC3A0B}.Desenvolvimento|Mixed Platforms.Build.0 = Desenvolvimento|Any CPU
		{8CB98491-9EFD-400F-80CD-5A9884FC3A0B}.Desenvolvimento|x64.ActiveCfg = Desenvolvimento|Any CPU
		{8CB98491-9EFD-400F-80CD-5A9884FC3A0B}.Desenvolvimento|x64.Build.0 = Desenvolvimento|Any CPU
		{8CB98491-9EFD-400F-80CD-5A9884FC3A0B}.Desenvolvimento|x86.ActiveCfg = Desenvolvimento|Any CPU
		{8CB98491-9EFD-400F-80CD-5A9884FC3A0B}.Desenvolvimento|x86.Build.0 = Desenvolvimento|Any CPU
		{8CB98491-9EFD-400F-80CD-5A9884FC3A0B}.Homologacao|Any CPU.ActiveCfg = Homologacao|Any CPU
		{8CB98491-9EFD-400F-80CD-5A9884FC3A0B}.Homologacao|Any CPU.Build.0 = Homologacao|Any CPU
		{8CB98491-9EFD-400F-80CD-5A9884FC3A0B}.Homologacao|Mixed Platforms.ActiveCfg = Homologacao|Any CPU
		{8CB98491-9EFD-400F-80CD-5A9884FC3A0B}.Homologacao|Mixed Platforms.Build.0 = Homologacao|Any CPU
		{8CB98491-9EFD-400F-80CD-5A9884FC3A0B}.Homologacao|x64.ActiveCfg = Homologacao|Any CPU
		{8CB98491-9EFD-400F-80CD-5A9884FC3A0B}.Homologacao|x64.Build.0 = Homologacao|Any CPU
		{8CB98491-9EFD-400F-80CD-5A9884FC3A0B}.Homologacao|x86.ActiveCfg = Homologacao|Any CPU
		{8CB98491-9EFD-400F-80CD-5A9884FC3A0B}.Homologacao|x86.Build.0 = Homologacao|Any CPU
		{8CB98491-9EFD-400F-80CD-5A9884FC3A0B}.Release|Any CPU.ActiveCfg = Release|Any CPU
		{8CB98491-9EFD-400F-80CD-5A9884FC3A0B}.Release|Any CPU.Build.0 = Release|Any CPU
		{8CB98491-9EFD-400F-80CD-5A9884FC3A0B}.Release|Mixed Platforms.ActiveCfg = Release|Any CPU
		{8CB98491-9EFD-400F-80CD-5A9884FC3A0B}.Release|Mixed Platforms.Build.0 = Release|Any CPU
		{8CB98491-9EFD-400F-80CD-5A9884FC3A0B}.Release|x64.ActiveCfg = Release|Any CPU
		{8CB98491-9EFD-400F-80CD-5A9884FC3A0B}.Release|x86.ActiveCfg = Release|Any CPU
	EndGlobalSection
	GlobalSection(SolutionProperties) = preSolution
		HideSolutionNode = FALSE
	EndGlobalSection
	GlobalSection(NestedProjects) = preSolution
		{0008117E-A0AC-4C66-814E-67A2189667EF} = {A20B6EAB-D758-46AC-A20D-26DB14F8FDA2}
		{E6C316A3-F094-44D3-B938-5ADA3678AA9F} = {5E7C1519-1C5E-4A2B-A86A-2C4839D76DD4}
		{89B9106A-0AA6-43B9-B3D5-43FE95E98282} = {A20B6EAB-D758-46AC-A20D-26DB14F8FDA2}
		{5E7C1519-1C5E-4A2B-A86A-2C4839D76DD4} = {A20B6EAB-D758-46AC-A20D-26DB14F8FDA2}
		{3FDF5FDE-0B9D-4ACE-A0BD-5B78C07F1B26} = {A20B6EAB-D758-46AC-A20D-26DB14F8FDA2}
		{A673C60F-9376-407B-9971-04EBA3C139D9} = {A20B6EAB-D758-46AC-A20D-26DB14F8FDA2}
		{58C16851-4999-493C-A135-F24911BB830D} = {89B9106A-0AA6-43B9-B3D5-43FE95E98282}
		{51FB92A1-F1F8-4F3A-92B0-FCDEE7EBA946} = {89B9106A-0AA6-43B9-B3D5-43FE95E98282}
		{699F1281-2F9F-4143-8D2E-07C712B7695C} = {5E7C1519-1C5E-4A2B-A86A-2C4839D76DD4}
		{498061B5-3229-411B-A807-A2FC98410927} = {3BB5079C-A056-4CE1-B94B-385588EB7891}
		{2D929F25-EBC3-4340-8F75-23C5A5C9AA81} = {3BB5079C-A056-4CE1-B94B-385588EB7891}
		{4FC505C1-ED57-46CC-BD65-8294802A48B9} = {5E7C1519-1C5E-4A2B-A86A-2C4839D76DD4}
		{897EAB2F-9593-4BDD-B945-113C13A71187} = {5E7C1519-1C5E-4A2B-A86A-2C4839D76DD4}
		{697D1A57-23AB-43ED-BF99-FEF1CF480739} = {E6C316A3-F094-44D3-B938-5ADA3678AA9F}
		{32FC01CB-B0C9-4861-A66E-3333FAF889C7} = {A20B6EAB-D758-46AC-A20D-26DB14F8FDA2}
		{F691AE56-263F-4F5A-87B9-D4A4A43930AB} = {5E7C1519-1C5E-4A2B-A86A-2C4839D76DD4}
		{F998A351-F518-42FE-B785-4CF6B4D4EEC7} = {521C3230-11C2-425A-92DF-805EE86EFD8F}
		{106AC139-4C19-4A8C-857B-91CDDDC2CD31} = {521C3230-11C2-425A-92DF-805EE86EFD8F}
		{2349E863-A386-4C8D-9504-835E5A3D1156} = {521C3230-11C2-425A-92DF-805EE86EFD8F}
		{4CC34E41-87CC-4A93-9F28-D97DADC13F9A} = {521C3230-11C2-425A-92DF-805EE86EFD8F}
		{D9F6562A-C53E-4658-892C-E6E608D8453D} = {521C3230-11C2-425A-92DF-805EE86EFD8F}
	EndGlobalSection
	GlobalSection(ExtensibilityGlobals) = postSolution
		SolutionGuid = {1D7A40C0-B3AB-4D63-8992-E5548B7A9086}
	EndGlobalSection
	GlobalSection(TeamFoundationVersionControl) = preSolution
		SccNumberOfProjects = 31
		SccEnterpriseProvider = {4CA58AB2-18FA-4F8D-95D4-32DDF27D184C}
		SccTeamFoundationServer = https://tfs.employer.com.br/tfs/defaultcollection
		SccLocalPath0 = .
		SccProjectUniqueName1 = BLL\\BLL.csproj
		SccProjectName1 = BLL
		SccLocalPath1 = BLL
		SccProjectUniqueName2 = Conversor200028para201029\\Conversor200028para201029.csproj
		SccProjectTopLevelParentUniqueName2 = cwkPontoMT.sln
		SccProjectName2 = Conversor200028para201029
		SccLocalPath2 = Conversor200028para201029
		SccProjectUniqueName3 = Conversor28R80para28R81\\Conversor28R80para28R83.csproj
		SccProjectTopLevelParentUniqueName3 = cwkPontoMT.sln
		SccProjectName3 = Conversor28R80para28R81
		SccLocalPath3 = Conversor28R80para28R81
		SccProjectUniqueName4 = ConversorMultBanco\\ConversorMultBanco.csproj
		SccProjectTopLevelParentUniqueName4 = cwkPontoMT.sln
		SccProjectName4 = ConversorMultBanco
		SccLocalPath4 = ConversorMultBanco
		SccProjectUniqueName5 = ConversorSQL\\ConversorSQL.csproj
		SccProjectTopLevelParentUniqueName5 = cwkPontoMT.sln
		SccProjectName5 = ConversorSQL
		SccLocalPath5 = ConversorSQL
		SccProjectUniqueName6 = CorrigeEmpresaCopiaIlegal\\CorrigeEmpresaCopiaIlegal.csproj
		SccProjectTopLevelParentUniqueName6 = cwkPontoMT.sln
		SccProjectName6 = CorrigeEmpresaCopiaIlegal
		SccLocalPath6 = CorrigeEmpresaCopiaIlegal
		SccProjectUniqueName7 = cwkAtualizadorArquivosComunicadorWebAPIPontoWeb\\cwkAtualizadorArquivosComunicadorWebAPIPontoWeb.csproj
		SccProjectTopLevelParentUniqueName7 = cwkPontoMT.sln
		SccProjectName7 = cwkAtualizadorArquivosComunicadorWebAPIPontoWeb
		SccLocalPath7 = cwkAtualizadorArquivosComunicadorWebAPIPontoWeb
		SccProjectUniqueName8 = cwkPontoMT.Integracao.Teste\\cwkPontoMT.Integracao.Teste.csproj
		SccProjectTopLevelParentUniqueName8 = cwkPontoMT.sln
		SccProjectName8 = cwkPontoMT.Integracao.Teste
		SccLocalPath8 = cwkPontoMT.Integracao.Teste
		SccProjectUniqueName9 = cwkPontoMT.Integracao\\cwkPontoMT.Integracao.csproj
		SccProjectTopLevelParentUniqueName9 = cwkPontoMT.sln
		SccProjectName9 = cwkPontoMT.Integracao
		SccLocalPath9 = cwkPontoMT.Integracao
		SccProjectUniqueName10 = DAL\\DAL.csproj
		SccProjectName10 = DAL
		SccLocalPath10 = DAL
		SccProjectUniqueName11 = ImportacaoSQL\\ImportacaoSQL.csproj
		SccProjectTopLevelParentUniqueName11 = cwkPontoMT.sln
		SccProjectName11 = ImportacaoSQL
		SccLocalPath11 = ImportacaoSQL
		SccProjectUniqueName12 = InstalacaoSQL\\InstalacaoSQL.csproj
		SccProjectTopLevelParentUniqueName12 = cwkPontoMT.sln
		SccProjectName12 = InstalacaoSQL
		SccLocalPath12 = InstalacaoSQL
		SccProjectUniqueName13 = Modelo\\Modelo.csproj
		SccProjectName13 = Modelo
		SccLocalPath13 = Modelo
		SccProjectUniqueName14 = PontoWeb\\PontoWeb.csproj
		SccProjectName14 = PontoWeb
		SccLocalPath14 = PontoWeb
		SccProjectUniqueName15 = REL\\REL.csproj
		SccProjectName15 = REL
		SccLocalPath15 = REL
		SccProjectUniqueName16 = Teste\\Teste.csproj
		SccProjectTopLevelParentUniqueName16 = cwkPontoMT.sln
		SccProjectName16 = Teste
		SccLocalPath16 = Teste
		SccProjectUniqueName17 = UI\\UI.csproj
		SccProjectTopLevelParentUniqueName17 = cwkPontoMT.sln
		SccProjectName17 = UI
		SccLocalPath17 = UI
		SccProjectUniqueName18 = cwkComunicadorWebAPIPontoWeb\\cwkComunicadorWebAPIPontoWeb.csproj
		SccProjectName18 = cwkComunicadorWebAPIPontoWeb
		SccLocalPath18 = cwkComunicadorWebAPIPontoWeb
		SccProjectUniqueName19 = TesteProgramacao\\TesteProgramacao.csproj
		SccProjectName19 = TesteProgramacao
		SccLocalPath19 = TesteProgramacao
		SccProjectUniqueName20 = RegistradorBiometrico\\RegistradorBiometrico.csproj
		SccProjectName20 = RegistradorBiometrico
		SccLocalPath20 = RegistradorBiometrico
		SccProjectUniqueName21 = BLL_N\\BLL_N.csproj
		SccProjectName21 = BLL_N
		SccLocalPath21 = BLL_N
		SccProjectUniqueName22 = CentralCliente\\CentralCliente.csproj
		SccProjectName22 = CentralCliente
		SccLocalPath22 = CentralCliente
		SccProjectUniqueName23 = cwkWebAPIPontoWeb\\cwkWebAPIPontoWeb.csproj
		SccProjectName23 = cwkWebAPIPontoWeb
		SccLocalPath23 = cwkWebAPIPontoWeb
		SccProjectUniqueName24 = ModeloAux\\ModeloAux.csproj
		SccProjectTopLevelParentUniqueName24 = cwkPontoMT.sln
		SccProjectName24 = ModeloAux
		SccLocalPath24 = ModeloAux
		SccProjectUniqueName25 = Negocio\\Negocio.csproj
		SccProjectTopLevelParentUniqueName25 = cwkPontoMT.sln
		SccProjectName25 = Negocio
		SccLocalPath25 = Negocio
		SccProjectUniqueName26 = ParametrizarComunicadorServico\\ParametrizarComunicadorServico.csproj
		SccProjectTopLevelParentUniqueName26 = cwkPontoMT.sln
		SccProjectName26 = ParametrizarComunicadorServico
		SccLocalPath26 = ParametrizarComunicadorServico
		SccProjectUniqueName27 = IntaladorServicoComunicador\\IntaladorServicoComunicador.vdproj
		SccProjectTopLevelParentUniqueName27 = cwkPontoMT.sln
		SccProjectName27 = IntaladorServicoComunicador
		SccLocalPath27 = IntaladorServicoComunicador
		SccProjectUniqueName28 = RegistradorPontoWeb\\RegistradorPontoWeb.csproj
		SccProjectName28 = RegistradorPontoWeb
		SccLocalPath28 = RegistradorPontoWeb
		SccProjectUniqueName29 = MonitorJobs\\MonitorJobs.csproj
		SccProjectName29 = MonitorJobs
		SccLocalPath29 = MonitorJobs
		SccProjectUniqueName30 = ComunicadorServico\\ComunicadorServico.csproj
		SccProjectTopLevelParentUniqueName30 = cwkPontoMT.sln
		SccProjectName30 = ComunicadorServico
		SccLocalPath30 = ComunicadorServico
	EndGlobalSection
	GlobalSection(Performance) = preSolution
		HasPerformanceSessions = true
	EndGlobalSection
	GlobalSection(Performance) = preSolution
		HasPerformanceSessions = true
	EndGlobalSection
	GlobalSection(Performance) = preSolution
		HasPerformanceSessions = true
	EndGlobalSection
	GlobalSection(Performance) = preSolution
		HasPerformanceSessions = true
	EndGlobalSection
	GlobalSection(Performance) = preSolution
		HasPerformanceSessions = true
	EndGlobalSection
	GlobalSection(SubversionScc) = preSolution
		Svn-Managed = True
		Manager = AnkhSVN - Subversion Support for Visual Studio
	EndGlobalSection
	GlobalSection(TestCaseManagementSettings) = postSolution
		CategoryFile = cwkPontoMT.vsmdi
	EndGlobalSection
EndGlobal
